// !$*UTF8*$!
{
	archiveVersion = 1;
	classes = {
	};
	objectVersion = 46;
	objects = {

/* Begin PBXBuildFile section */
		1D3623260D0F684500981E51 /* CinetiAppDelegate.m in Sources */ = {isa = PBXBuildFile; fileRef = 1D3623250D0F684500981E51 /* CinetiAppDelegate.m */; };
		1D60589B0D05DD56006BFB54 /* main.m in Sources */ = {isa = PBXBuildFile; fileRef = 29B97316FDCFA39411CA2CEA /* main.m */; };
		1D60589F0D05DD5A006BFB54 /* Foundation.framework in Frameworks */ = {isa = PBXBuildFile; fileRef = 1D30AB110D05D00D00671497 /* Foundation.framework */; };
		1DF5F4E00D08C38300B7A737 /* UIKit.framework in Frameworks */ = {isa = PBXBuildFile; fileRef = 1DF5F4DF0D08C38300B7A737 /* UIKit.framework */; };
		288765080DF74369002DB57D /* CoreGraphics.framework in Frameworks */ = {isa = PBXBuildFile; fileRef = 288765070DF74369002DB57D /* CoreGraphics.framework */; };
		3201088596B4756681693705 /* libThree20UICommon.a in Frameworks */ = {isa = PBXBuildFile; fileRef = 3201088596B4756681693704 /* libThree20UICommon.a */; };
		320A2827FEC940B25BC42C65 /* libThree20Core.a in Frameworks */ = {isa = PBXBuildFile; fileRef = 320A2827FEC940B25BC42C64 /* libThree20Core.a */; };
		320A5A189C235877202780D5 /* libThree20Network.a in Frameworks */ = {isa = PBXBuildFile; fileRef = 320A5A189C235877202780D4 /* libThree20Network.a */; };
		320A737074758E53BA54BE95 /* libThree20UINavigator.a in Frameworks */ = {isa = PBXBuildFile; fileRef = 320A737074758E53BA54BE94 /* libThree20UINavigator.a */; };
		320AF8492C47A4D819F7C451 /* QuartzCore.framework in Frameworks */ = {isa = PBXBuildFile; fileRef = 320AF8492C47A4D819F7C450 /* QuartzCore.framework */; };
		320CC833B8AF0ACFD35E6225 /* libThree20Style.a in Frameworks */ = {isa = PBXBuildFile; fileRef = 320CC833B8AF0ACFD35E6224 /* libThree20Style.a */; };
		320D7DCCE32703ACAB9A45E5 /* libThree20.a in Frameworks */ = {isa = PBXBuildFile; fileRef = 320D7DCCE32703ACAB9A45E4 /* libThree20.a */; };
		320F2C48872C2E2C4DF86205 /* libThree20UI.a in Frameworks */ = {isa = PBXBuildFile; fileRef = 320F2C48872C2E2C4DF86204 /* libThree20UI.a */; };
		6E361F9011AE246E00EE956A /* CinetiTheatresDataSource.m in Sources */ = {isa = PBXBuildFile; fileRef = 6E361F8F11AE246E00EE956A /* CinetiTheatresDataSource.m */; };
		6E361FB211AE26EA00EE956A /* CinetiTheatresModel.m in Sources */ = {isa = PBXBuildFile; fileRef = 6E361FB111AE26EA00EE956A /* CinetiTheatresModel.m */; };
		6E361FBB11AE283D00EE956A /* CinetiTheatresDataSource.m in Sources */ = {isa = PBXBuildFile; fileRef = 6E361F8F11AE246E00EE956A /* CinetiTheatresDataSource.m */; };
		6E361FBC11AE283D00EE956A /* CinetiTheatresModel.m in Sources */ = {isa = PBXBuildFile; fileRef = 6E361FB111AE26EA00EE956A /* CinetiTheatresModel.m */; };
		6E3621A211B078CC00EE956A /* CinetiTabBarController.m in Sources */ = {isa = PBXBuildFile; fileRef = 6E3621A111B078CC00EE956A /* CinetiTabBarController.m */; };
		6E3621D411B07BBD00EE956A /* CinetiTabBarController.m in Sources */ = {isa = PBXBuildFile; fileRef = 6E3621A111B078CC00EE956A /* CinetiTabBarController.m */; };
		6E453708126CDF610036493D /* CinetiMovieManager.m in Sources */ = {isa = PBXBuildFile; fileRef = 6E453707126CDF610036493D /* CinetiMovieManager.m */; };
		6E453750126CE9610036493D /* CinetiMovieManager.m in Sources */ = {isa = PBXBuildFile; fileRef = 6E453707126CDF610036493D /* CinetiMovieManager.m */; };
		6E726E4C11B8DDA600076846 /* CinetiTheatreModel.m in Sources */ = {isa = PBXBuildFile; fileRef = 6E726E4B11B8DDA600076846 /* CinetiTheatreModel.m */; };
		6E726E6011B8E1E100076846 /* CinetiTheatreModel.m in Sources */ = {isa = PBXBuildFile; fileRef = 6E726E4B11B8DDA600076846 /* CinetiTheatreModel.m */; };
		6E726E6B11B992CB00076846 /* CinetiTheatreDataSource.m in Sources */ = {isa = PBXBuildFile; fileRef = 6E726E6A11B992CB00076846 /* CinetiTheatreDataSource.m */; };
		6E726E9C11B9BD8600076846 /* CinetiTheatreDataSource.m in Sources */ = {isa = PBXBuildFile; fileRef = 6E726E6A11B992CB00076846 /* CinetiTheatreDataSource.m */; };
		6E882AE011C04E9E00D9FDCC /* CinetiTheatreTableItem.m in Sources */ = {isa = PBXBuildFile; fileRef = 6E882ADF11C04E9E00D9FDCC /* CinetiTheatreTableItem.m */; };
		6E882AE311C04EA700D9FDCC /* CinetiTheatreTableCell.m in Sources */ = {isa = PBXBuildFile; fileRef = 6E882AE211C04EA700D9FDCC /* CinetiTheatreTableCell.m */; };
		6E882AFB11C0C33900D9FDCC /* CinetiTheatreTableItem.m in Sources */ = {isa = PBXBuildFile; fileRef = 6E882ADF11C04E9E00D9FDCC /* CinetiTheatreTableItem.m */; };
		6E882AFC11C0C33900D9FDCC /* CinetiTheatreTableCell.m in Sources */ = {isa = PBXBuildFile; fileRef = 6E882AE211C04EA700D9FDCC /* CinetiTheatreTableCell.m */; };
		6E9A3F5C11A5D5DD00BF0CC5 /* libjson-framework.a in Frameworks */ = {isa = PBXBuildFile; fileRef = DBF7D855117FA276002B0C96 /* libjson-framework.a */; };
		6E9A3F6011A5D67200BF0CC5 /* Foundation.framework in Frameworks */ = {isa = PBXBuildFile; fileRef = 1D30AB110D05D00D00671497 /* Foundation.framework */; };
		6E9A3FCE11A5D6F900BF0CC5 /* CinetiJSONObject.m in Sources */ = {isa = PBXBuildFile; fileRef = DB4393091180A23D008D4114 /* CinetiJSONObject.m */; };
		6E9A3FD111A5D6F900BF0CC5 /* CinetiJSONRequest.m in Sources */ = {isa = PBXBuildFile; fileRef = DB4393661180B0A8008D4114 /* CinetiJSONRequest.m */; };
		6E9A3FD411A5D6F900BF0CC5 /* CinetiMoviesRequest.m in Sources */ = {isa = PBXBuildFile; fileRef = DB4393131180A670008D4114 /* CinetiMoviesRequest.m */; };
		6E9A3FD611A5D6F900BF0CC5 /* CinetiMovie.m in Sources */ = {isa = PBXBuildFile; fileRef = DB4393061180A0E3008D4114 /* CinetiMovie.m */; };
		6E9A3FEC11A5DA3D00BF0CC5 /* CoreGraphics.framework in Frameworks */ = {isa = PBXBuildFile; fileRef = 288765070DF74369002DB57D /* CoreGraphics.framework */; };
		6E9A3FED11A5DA4600BF0CC5 /* QuartzCore.framework in Frameworks */ = {isa = PBXBuildFile; fileRef = DB4393401180B018008D4114 /* QuartzCore.framework */; };
		6E9A3FEE11A5DA5200BF0CC5 /* UIKit.framework in Frameworks */ = {isa = PBXBuildFile; fileRef = 1DF5F4DF0D08C38300B7A737 /* UIKit.framework */; };
		6E9A403D11A5E47F00BF0CC5 /* CinetiAppDelegate.m in Sources */ = {isa = PBXBuildFile; fileRef = 1D3623250D0F684500981E51 /* CinetiAppDelegate.m */; };
		6E9A403E11A5E4AB00BF0CC5 /* CinetiMoviesViewController.m in Sources */ = {isa = PBXBuildFile; fileRef = DBF7D75C117F8908002B0C96 /* CinetiMoviesViewController.m */; };
		6E9A404211A5E4FA00BF0CC5 /* CinetiTheatresViewController.m in Sources */ = {isa = PBXBuildFile; fileRef = DBF7D78E117F8BDA002B0C96 /* CinetiTheatresViewController.m */; };
		6EB5DF3C11A2764700F3847F /* LogicTestCase.m in Sources */ = {isa = PBXBuildFile; fileRef = 6EB5DF3B11A2764700F3847F /* LogicTestCase.m */; };
		6EC960531270DE3E000A59FB /* CinetiMovieViewController.m in Sources */ = {isa = PBXBuildFile; fileRef = 6EC960521270DE3E000A59FB /* CinetiMovieViewController.m */; };
		6EC9609C12763F14000A59FB /* CinetiMovieViewController.m in Sources */ = {isa = PBXBuildFile; fileRef = 6EC960521270DE3E000A59FB /* CinetiMovieViewController.m */; };
		6EC9611E1277D0D2000A59FB /* CinetiMovieDataSource.m in Sources */ = {isa = PBXBuildFile; fileRef = 6EC9611D1277D0D2000A59FB /* CinetiMovieDataSource.m */; };
		6EC9611F1277D0D2000A59FB /* CinetiMovieDataSource.m in Sources */ = {isa = PBXBuildFile; fileRef = 6EC9611D1277D0D2000A59FB /* CinetiMovieDataSource.m */; };
		6EC96126127810AF000A59FB /* CinetiMovieModel.m in Sources */ = {isa = PBXBuildFile; fileRef = 6EC96125127810AF000A59FB /* CinetiMovieModel.m */; };
		6EC96127127810AF000A59FB /* CinetiMovieModel.m in Sources */ = {isa = PBXBuildFile; fileRef = 6EC96125127810AF000A59FB /* CinetiMovieModel.m */; };
		6ECA8C7911B4CFD300729241 /* CinetiTheatreViewController.m in Sources */ = {isa = PBXBuildFile; fileRef = 6ECA8C7811B4CFD300729241 /* CinetiTheatreViewController.m */; };
		6ECA8C9011B4D1F700729241 /* CinetiTheatreViewController.m in Sources */ = {isa = PBXBuildFile; fileRef = 6ECA8C7811B4CFD300729241 /* CinetiTheatreViewController.m */; };
		DB4393071180A0E3008D4114 /* CinetiMovie.m in Sources */ = {isa = PBXBuildFile; fileRef = DB4393061180A0E3008D4114 /* CinetiMovie.m */; };
		DB43930A1180A23D008D4114 /* CinetiJSONObject.m in Sources */ = {isa = PBXBuildFile; fileRef = DB4393091180A23D008D4114 /* CinetiJSONObject.m */; };
		DB4393141180A670008D4114 /* CinetiMoviesRequest.m in Sources */ = {isa = PBXBuildFile; fileRef = DB4393131180A670008D4114 /* CinetiMoviesRequest.m */; };
		DB4393411180B018008D4114 /* QuartzCore.framework in Frameworks */ = {isa = PBXBuildFile; fileRef = DB4393401180B018008D4114 /* QuartzCore.framework */; };
		DB4393671180B0A8008D4114 /* CinetiJSONRequest.m in Sources */ = {isa = PBXBuildFile; fileRef = DB4393661180B0A8008D4114 /* CinetiJSONRequest.m */; };
		DBF7D75D117F8908002B0C96 /* CinetiMoviesViewController.m in Sources */ = {isa = PBXBuildFile; fileRef = DBF7D75C117F8908002B0C96 /* CinetiMoviesViewController.m */; };
		DBF7D78F117F8BDA002B0C96 /* CinetiTheatresViewController.m in Sources */ = {isa = PBXBuildFile; fileRef = DBF7D78E117F8BDA002B0C96 /* CinetiTheatresViewController.m */; };
		DBF7D947117FA42C002B0C96 /* JSON.h in Headers */ = {isa = PBXBuildFile; fileRef = DBF7D93A117FA42C002B0C96 /* JSON.h */; };
		DBF7D948117FA42C002B0C96 /* NSObject+SBJSON.h in Headers */ = {isa = PBXBuildFile; fileRef = DBF7D93B117FA42C002B0C96 /* NSObject+SBJSON.h */; };
		DBF7D949117FA42C002B0C96 /* NSObject+SBJSON.m in Sources */ = {isa = PBXBuildFile; fileRef = DBF7D93C117FA42C002B0C96 /* NSObject+SBJSON.m */; };
		DBF7D94A117FA42C002B0C96 /* NSString+SBJSON.h in Headers */ = {isa = PBXBuildFile; fileRef = DBF7D93D117FA42C002B0C96 /* NSString+SBJSON.h */; };
		DBF7D94B117FA42C002B0C96 /* NSString+SBJSON.m in Sources */ = {isa = PBXBuildFile; fileRef = DBF7D93E117FA42C002B0C96 /* NSString+SBJSON.m */; };
		DBF7D94C117FA42C002B0C96 /* SBJSON.h in Headers */ = {isa = PBXBuildFile; fileRef = DBF7D93F117FA42C002B0C96 /* SBJSON.h */; };
		DBF7D94D117FA42C002B0C96 /* SBJSON.m in Sources */ = {isa = PBXBuildFile; fileRef = DBF7D940117FA42C002B0C96 /* SBJSON.m */; };
		DBF7D94E117FA42C002B0C96 /* SBJsonBase.h in Headers */ = {isa = PBXBuildFile; fileRef = DBF7D941117FA42C002B0C96 /* SBJsonBase.h */; };
		DBF7D94F117FA42C002B0C96 /* SBJsonBase.m in Sources */ = {isa = PBXBuildFile; fileRef = DBF7D942117FA42C002B0C96 /* SBJsonBase.m */; };
		DBF7D950117FA42C002B0C96 /* SBJsonParser.h in Headers */ = {isa = PBXBuildFile; fileRef = DBF7D943117FA42C002B0C96 /* SBJsonParser.h */; };
		DBF7D951117FA42C002B0C96 /* SBJsonParser.m in Sources */ = {isa = PBXBuildFile; fileRef = DBF7D944117FA42C002B0C96 /* SBJsonParser.m */; };
		DBF7D952117FA42C002B0C96 /* SBJsonWriter.h in Headers */ = {isa = PBXBuildFile; fileRef = DBF7D945117FA42C002B0C96 /* SBJsonWriter.h */; };
		DBF7D953117FA42C002B0C96 /* SBJsonWriter.m in Sources */ = {isa = PBXBuildFile; fileRef = DBF7D946117FA42C002B0C96 /* SBJsonWriter.m */; };
		DBF7D95E117FA4D9002B0C96 /* libjson-framework.a in Frameworks */ = {isa = PBXBuildFile; fileRef = DBF7D855117FA276002B0C96 /* libjson-framework.a */; };
/* End PBXBuildFile section */

/* Begin PBXContainerItemProxy section */
		3201088596B4756681693702 /* PBXContainerItemProxy */ = {
			isa = PBXContainerItemProxy;
			containerPortal = 3201088596B4756681693700 /* Three20UICommon.xcodeproj */;
			proxyType = 1;
			remoteGlobalIDString = BEF31F390F352DF5000DE5D2;
			remoteInfo = Three20UICommon;
		};
		3201088596B4756681693706 /* PBXContainerItemProxy */ = {
			isa = PBXContainerItemProxy;
			containerPortal = 3201088596B4756681693700 /* Three20UICommon.xcodeproj */;
			proxyType = 2;
			remoteGlobalIDString = BEF31F3A0F352DF5000DE5D2;
			remoteInfo = Three20UICommon;
		};
		320A2827FEC940B25BC42C62 /* PBXContainerItemProxy */ = {
			isa = PBXContainerItemProxy;
			containerPortal = 320A2827FEC940B25BC42C60 /* Three20Core.xcodeproj */;
			proxyType = 1;
			remoteGlobalIDString = BEF31F390F352DF5000DE5D2;
			remoteInfo = Three20Core;
		};
		320A2827FEC940B25BC42C66 /* PBXContainerItemProxy */ = {
			isa = PBXContainerItemProxy;
			containerPortal = 320A2827FEC940B25BC42C60 /* Three20Core.xcodeproj */;
			proxyType = 2;
			remoteGlobalIDString = BEF31F3A0F352DF5000DE5D2;
			remoteInfo = Three20Core;
		};
		320A5A189C235877202780D2 /* PBXContainerItemProxy */ = {
			isa = PBXContainerItemProxy;
			containerPortal = 320A5A189C235877202780D0 /* Three20Network.xcodeproj */;
			proxyType = 1;
			remoteGlobalIDString = BEF31F390F352DF5000DE5D2;
			remoteInfo = Three20Network;
		};
		320A5A189C235877202780D6 /* PBXContainerItemProxy */ = {
			isa = PBXContainerItemProxy;
			containerPortal = 320A5A189C235877202780D0 /* Three20Network.xcodeproj */;
			proxyType = 2;
			remoteGlobalIDString = BEF31F3A0F352DF5000DE5D2;
			remoteInfo = Three20Network;
		};
		320A737074758E53BA54BE92 /* PBXContainerItemProxy */ = {
			isa = PBXContainerItemProxy;
			containerPortal = 320A737074758E53BA54BE90 /* Three20UINavigator.xcodeproj */;
			proxyType = 1;
			remoteGlobalIDString = BEF31F390F352DF5000DE5D2;
			remoteInfo = Three20UINavigator;
		};
		320A737074758E53BA54BE96 /* PBXContainerItemProxy */ = {
			isa = PBXContainerItemProxy;
			containerPortal = 320A737074758E53BA54BE90 /* Three20UINavigator.xcodeproj */;
			proxyType = 2;
			remoteGlobalIDString = BEF31F3A0F352DF5000DE5D2;
			remoteInfo = Three20UINavigator;
		};
		320CC833B8AF0ACFD35E6222 /* PBXContainerItemProxy */ = {
			isa = PBXContainerItemProxy;
			containerPortal = 320CC833B8AF0ACFD35E6220 /* Three20Style.xcodeproj */;
			proxyType = 1;
			remoteGlobalIDString = BEF31F390F352DF5000DE5D2;
			remoteInfo = Three20Style;
		};
		320CC833B8AF0ACFD35E6226 /* PBXContainerItemProxy */ = {
			isa = PBXContainerItemProxy;
			containerPortal = 320CC833B8AF0ACFD35E6220 /* Three20Style.xcodeproj */;
			proxyType = 2;
			remoteGlobalIDString = BEF31F3A0F352DF5000DE5D2;
			remoteInfo = Three20Style;
		};
		320D7DCCE32703ACAB9A45E2 /* PBXContainerItemProxy */ = {
			isa = PBXContainerItemProxy;
			containerPortal = 320D7DCCE32703ACAB9A45E0 /* Three20.xcodeproj */;
			proxyType = 1;
			remoteGlobalIDString = BEF31F390F352DF5000DE5D2;
			remoteInfo = Three20;
		};
		320D7DCCE32703ACAB9A45E6 /* PBXContainerItemProxy */ = {
			isa = PBXContainerItemProxy;
			containerPortal = 320D7DCCE32703ACAB9A45E0 /* Three20.xcodeproj */;
			proxyType = 2;
			remoteGlobalIDString = BEF31F3A0F352DF5000DE5D2;
			remoteInfo = Three20;
		};
		320F2C48872C2E2C4DF86202 /* PBXContainerItemProxy */ = {
			isa = PBXContainerItemProxy;
			containerPortal = 320F2C48872C2E2C4DF86200 /* Three20UI.xcodeproj */;
			proxyType = 1;
			remoteGlobalIDString = BEF31F390F352DF5000DE5D2;
			remoteInfo = Three20UI;
		};
		320F2C48872C2E2C4DF86206 /* PBXContainerItemProxy */ = {
			isa = PBXContainerItemProxy;
			containerPortal = 320F2C48872C2E2C4DF86200 /* Three20UI.xcodeproj */;
			proxyType = 2;
			remoteGlobalIDString = BEF31F3A0F352DF5000DE5D2;
			remoteInfo = Three20UI;
		};
		6E9A3FDD11A5D7DF00BF0CC5 /* PBXContainerItemProxy */ = {
			isa = PBXContainerItemProxy;
			containerPortal = 29B97313FDCFA39411CA2CEA /* Project object */;
			proxyType = 1;
			remoteGlobalIDString = DBF7D854117FA276002B0C96;
			remoteInfo = "json-framework";
		};
		6E9A3FDF11A5D7E300BF0CC5 /* PBXContainerItemProxy */ = {
			isa = PBXContainerItemProxy;
			containerPortal = 29B97313FDCFA39411CA2CEA /* Project object */;
			proxyType = 1;
			remoteGlobalIDString = DB43901B11809FBF008D4114;
			remoteInfo = three20;
		};
		6EEF50FF12A7788F00E4C380 /* PBXContainerItemProxy */ = {
			isa = PBXContainerItemProxy;
			containerPortal = 320D7DCCE32703ACAB9A45E0 /* Three20.xcodeproj */;
			proxyType = 2;
			remoteGlobalIDString = 665A55DE126521740032D0BE;
			remoteInfo = "Three20-Xcode3.2.5";
		};
		6EEF510112A7788F00E4C380 /* PBXContainerItemProxy */ = {
			isa = PBXContainerItemProxy;
			containerPortal = 320D7DCCE32703ACAB9A45E0 /* Three20.xcodeproj */;
			proxyType = 2;
			remoteGlobalIDString = 66FE8F171265E968001E0674;
			remoteInfo = "Three20-Xcode3.2.2";
		};
		6EEF510312A7788F00E4C380 /* PBXContainerItemProxy */ = {
			isa = PBXContainerItemProxy;
			containerPortal = 320D7DCCE32703ACAB9A45E0 /* Three20.xcodeproj */;
			proxyType = 2;
			remoteGlobalIDString = EB9E6C6210B6A8F800DE563C;
			remoteInfo = Three20UnitTests;
		};
		6EEF510512A7788F00E4C380 /* PBXContainerItemProxy */ = {
			isa = PBXContainerItemProxy;
			containerPortal = 320D7DCCE32703ACAB9A45E0 /* Three20.xcodeproj */;
			proxyType = 2;
			remoteGlobalIDString = 665A55FB126521740032D0BE;
			remoteInfo = "Three20UnitTests-Xcode3.2.5";
		};
		6EEF510712A7788F00E4C380 /* PBXContainerItemProxy */ = {
			isa = PBXContainerItemProxy;
			containerPortal = 320D7DCCE32703ACAB9A45E0 /* Three20.xcodeproj */;
			proxyType = 2;
			remoteGlobalIDString = 66FE8F371265E968001E0674;
			remoteInfo = "Three20UnitTests-Xcode3.2.2";
		};
		6EEF510E12A7788F00E4C380 /* PBXContainerItemProxy */ = {
			isa = PBXContainerItemProxy;
			containerPortal = 320A2827FEC940B25BC42C60 /* Three20Core.xcodeproj */;
			proxyType = 2;
			remoteGlobalIDString = 6650CAA21262F6E2003FF804;
			remoteInfo = "Three20Core-Xcode3.2.5";
		};
		6EEF511012A7788F00E4C380 /* PBXContainerItemProxy */ = {
			isa = PBXContainerItemProxy;
			containerPortal = 320A2827FEC940B25BC42C60 /* Three20Core.xcodeproj */;
			proxyType = 2;
			remoteGlobalIDString = 66C2E0FC1262F748006DF55A;
			remoteInfo = "Three20Core-Xcode3.2.2";
		};
		6EEF511212A7788F00E4C380 /* PBXContainerItemProxy */ = {
			isa = PBXContainerItemProxy;
			containerPortal = 320A2827FEC940B25BC42C60 /* Three20Core.xcodeproj */;
			proxyType = 2;
			remoteGlobalIDString = EB9E6C6210B6A8F800DE563C;
			remoteInfo = Three20CoreUnitTests;
		};
		6EEF511412A7788F00E4C380 /* PBXContainerItemProxy */ = {
			isa = PBXContainerItemProxy;
			containerPortal = 320A2827FEC940B25BC42C60 /* Three20Core.xcodeproj */;
			proxyType = 2;
			remoteGlobalIDString = 664961641262EE5000C2C80E;
			remoteInfo = "Three20CoreUnitTests-Xcode3.2.5";
		};
		6EEF511612A7788F00E4C380 /* PBXContainerItemProxy */ = {
			isa = PBXContainerItemProxy;
			containerPortal = 320A2827FEC940B25BC42C60 /* Three20Core.xcodeproj */;
			proxyType = 2;
			remoteGlobalIDString = 66F9A63C1262ED9F0059C2AE;
			remoteInfo = "Three20CoreUnitTests-Xcode3.2.2";
		};
		6EEF511D12A7788F00E4C380 /* PBXContainerItemProxy */ = {
			isa = PBXContainerItemProxy;
			containerPortal = 320A5A189C235877202780D0 /* Three20Network.xcodeproj */;
			proxyType = 2;
			remoteGlobalIDString = 662D81EF12630516005851C2;
			remoteInfo = "Three20Network-Xcode3.2.5";
		};
		6EEF511F12A7788F00E4C380 /* PBXContainerItemProxy */ = {
			isa = PBXContainerItemProxy;
			containerPortal = 320A5A189C235877202780D0 /* Three20Network.xcodeproj */;
			proxyType = 2;
			remoteGlobalIDString = 662D821612630527005851C2;
			remoteInfo = "Three20Network-Xcode3.2.2";
		};
		6EEF512112A7788F00E4C380 /* PBXContainerItemProxy */ = {
			isa = PBXContainerItemProxy;
			containerPortal = 320A5A189C235877202780D0 /* Three20Network.xcodeproj */;
			proxyType = 2;
			remoteGlobalIDString = EB9E6C6210B6A8F800DE563C;
			remoteInfo = Three20NetworkUnitTests;
		};
		6EEF512312A7788F00E4C380 /* PBXContainerItemProxy */ = {
			isa = PBXContainerItemProxy;
			containerPortal = 320A5A189C235877202780D0 /* Three20Network.xcodeproj */;
			proxyType = 2;
			remoteGlobalIDString = 662D81B2126304EB005851C2;
			remoteInfo = "Three20NetworkUnitTests-Xcode3.2.5";
		};
		6EEF512512A7788F00E4C380 /* PBXContainerItemProxy */ = {
			isa = PBXContainerItemProxy;
			containerPortal = 320A5A189C235877202780D0 /* Three20Network.xcodeproj */;
			proxyType = 2;
			remoteGlobalIDString = 662D81C7126304F3005851C2;
			remoteInfo = "Three20NetworkUnitTests-Xcode3.2.2";
		};
		6EEF512C12A7788F00E4C380 /* PBXContainerItemProxy */ = {
			isa = PBXContainerItemProxy;
			containerPortal = 320CC833B8AF0ACFD35E6220 /* Three20Style.xcodeproj */;
			proxyType = 2;
			remoteGlobalIDString = 66C16BE912639E2700A7825A;
			remoteInfo = "Three20Style-Xcode3.2.5";
		};
		6EEF512E12A7788F00E4C380 /* PBXContainerItemProxy */ = {
			isa = PBXContainerItemProxy;
			containerPortal = 320CC833B8AF0ACFD35E6220 /* Three20Style.xcodeproj */;
			proxyType = 2;
			remoteGlobalIDString = 66846C7812639EE5001D2CF9;
			remoteInfo = "Three20Style-Xcode3.2.2";
		};
		6EEF513012A7788F00E4C380 /* PBXContainerItemProxy */ = {
			isa = PBXContainerItemProxy;
			containerPortal = 320CC833B8AF0ACFD35E6220 /* Three20Style.xcodeproj */;
			proxyType = 2;
			remoteGlobalIDString = EB9E6C6210B6A8F800DE563C;
			remoteInfo = Three20StyleUnitTests;
		};
		6EEF513212A7788F00E4C380 /* PBXContainerItemProxy */ = {
			isa = PBXContainerItemProxy;
			containerPortal = 320CC833B8AF0ACFD35E6220 /* Three20Style.xcodeproj */;
			proxyType = 2;
			remoteGlobalIDString = 66C16C0112639E4500A7825A;
			remoteInfo = "Three20StyleUnitTests-Xcode3.2.5";
		};
		6EEF513412A7788F00E4C380 /* PBXContainerItemProxy */ = {
			isa = PBXContainerItemProxy;
			containerPortal = 320CC833B8AF0ACFD35E6220 /* Three20Style.xcodeproj */;
			proxyType = 2;
			remoteGlobalIDString = 66846C9612639F29001D2CF9;
			remoteInfo = "Three20StyleUnitTests-Xcode3.2.2";
		};
		6EEF513B12A7788F00E4C380 /* PBXContainerItemProxy */ = {
			isa = PBXContainerItemProxy;
			containerPortal = 320F2C48872C2E2C4DF86200 /* Three20UI.xcodeproj */;
			proxyType = 2;
			remoteGlobalIDString = 66FC2BC81264E3A400F56B19;
			remoteInfo = "Three20UI-Xcode3.2.5";
		};
		6EEF513D12A7788F00E4C380 /* PBXContainerItemProxy */ = {
			isa = PBXContainerItemProxy;
			containerPortal = 320F2C48872C2E2C4DF86200 /* Three20UI.xcodeproj */;
			proxyType = 2;
			remoteGlobalIDString = 66FE8DDE1264E960001E0674;
			remoteInfo = "Three20UI-Xcode3.2.2";
		};
		6EEF513F12A7788F00E4C380 /* PBXContainerItemProxy */ = {
			isa = PBXContainerItemProxy;
			containerPortal = 320F2C48872C2E2C4DF86200 /* Three20UI.xcodeproj */;
			proxyType = 2;
			remoteGlobalIDString = EB9E6C6210B6A8F800DE563C;
			remoteInfo = Three20UIUnitTests;
		};
		6EEF514112A7788F00E4C380 /* PBXContainerItemProxy */ = {
			isa = PBXContainerItemProxy;
			containerPortal = 320F2C48872C2E2C4DF86200 /* Three20UI.xcodeproj */;
			proxyType = 2;
			remoteGlobalIDString = 66FC2BE61264E3A500F56B19;
			remoteInfo = "Three20UIUnitTests-Xcode3.2.5";
		};
		6EEF514312A7788F00E4C380 /* PBXContainerItemProxy */ = {
			isa = PBXContainerItemProxy;
			containerPortal = 320F2C48872C2E2C4DF86200 /* Three20UI.xcodeproj */;
			proxyType = 2;
			remoteGlobalIDString = 66FE8DFB1264E960001E0674;
			remoteInfo = "Three20UIUnitTests-Xcode3.2.2";
		};
		6EEF514A12A7788F00E4C380 /* PBXContainerItemProxy */ = {
			isa = PBXContainerItemProxy;
			containerPortal = 3201088596B4756681693700 /* Three20UICommon.xcodeproj */;
			proxyType = 2;
			remoteGlobalIDString = 665A53761264D54B0032D0BE;
			remoteInfo = "Three20UICommon-Xcode3.2.5";
		};
		6EEF514C12A7788F00E4C380 /* PBXContainerItemProxy */ = {
			isa = PBXContainerItemProxy;
			containerPortal = 3201088596B4756681693700 /* Three20UICommon.xcodeproj */;
			proxyType = 2;
			remoteGlobalIDString = 665A53E61264D6550032D0BE;
			remoteInfo = "Three20UICommon-Xcode3.2.2";
		};
		6EEF514E12A7788F00E4C380 /* PBXContainerItemProxy */ = {
			isa = PBXContainerItemProxy;
			containerPortal = 3201088596B4756681693700 /* Three20UICommon.xcodeproj */;
			proxyType = 2;
			remoteGlobalIDString = EB9E6C6210B6A8F800DE563C;
			remoteInfo = Three20UICommonUnitTests;
		};
		6EEF515012A7788F00E4C380 /* PBXContainerItemProxy */ = {
			isa = PBXContainerItemProxy;
			containerPortal = 3201088596B4756681693700 /* Three20UICommon.xcodeproj */;
			proxyType = 2;
			remoteGlobalIDString = 665A53891264D54B0032D0BE;
			remoteInfo = "Three20UICommonUnitTests-Xcode3.2.5";
		};
		6EEF515212A7788F00E4C380 /* PBXContainerItemProxy */ = {
			isa = PBXContainerItemProxy;
			containerPortal = 3201088596B4756681693700 /* Three20UICommon.xcodeproj */;
			proxyType = 2;
			remoteGlobalIDString = 665A53F81264D6550032D0BE;
			remoteInfo = "Three20UICommonUnitTests-Xcode3.2.2";
		};
		6EEF515912A7788F00E4C380 /* PBXContainerItemProxy */ = {
			isa = PBXContainerItemProxy;
			containerPortal = 320A737074758E53BA54BE90 /* Three20UINavigator.xcodeproj */;
			proxyType = 2;
			remoteGlobalIDString = 665A54521264DAF70032D0BE;
			remoteInfo = "Three20UINavigator-Xcode3.2.5";
		};
		6EEF515B12A7788F00E4C380 /* PBXContainerItemProxy */ = {
			isa = PBXContainerItemProxy;
			containerPortal = 320A737074758E53BA54BE90 /* Three20UINavigator.xcodeproj */;
			proxyType = 2;
			remoteGlobalIDString = 66FE8BFA1264DBC3001E0674;
			remoteInfo = "Three20UINavigator-Xcode3.2.2";
		};
		6EEF515D12A7788F00E4C380 /* PBXContainerItemProxy */ = {
			isa = PBXContainerItemProxy;
			containerPortal = 320A737074758E53BA54BE90 /* Three20UINavigator.xcodeproj */;
			proxyType = 2;
			remoteGlobalIDString = EB9E6C6210B6A8F800DE563C;
			remoteInfo = Three20UINavigatorUnitTests;
		};
		6EEF515F12A7788F00E4C380 /* PBXContainerItemProxy */ = {
			isa = PBXContainerItemProxy;
			containerPortal = 320A737074758E53BA54BE90 /* Three20UINavigator.xcodeproj */;
			proxyType = 2;
			remoteGlobalIDString = 665A54681264DAF70032D0BE;
			remoteInfo = "Three20UINavigatorUnitTests-Xcode3.2.5";
		};
		6EEF516112A7788F00E4C380 /* PBXContainerItemProxy */ = {
			isa = PBXContainerItemProxy;
			containerPortal = 320A737074758E53BA54BE90 /* Three20UINavigator.xcodeproj */;
			proxyType = 2;
			remoteGlobalIDString = 66FE8C0F1264DBC3001E0674;
			remoteInfo = "Three20UINavigatorUnitTests-Xcode3.2.2";
		};
		DB43901F11809FCD008D4114 /* PBXContainerItemProxy */ = {
			isa = PBXContainerItemProxy;
			containerPortal = 29B97313FDCFA39411CA2CEA /* Project object */;
			proxyType = 1;
			remoteGlobalIDString = DB43901B11809FBF008D4114;
			remoteInfo = three20;
		};
		DBF7D954117FA44A002B0C96 /* PBXContainerItemProxy */ = {
			isa = PBXContainerItemProxy;
			containerPortal = 29B97313FDCFA39411CA2CEA /* Project object */;
			proxyType = 1;
			remoteGlobalIDString = DBF7D854117FA276002B0C96;
			remoteInfo = "json-framework";
		};
/* End PBXContainerItemProxy section */

/* Begin PBXFileReference section */
		1D30AB110D05D00D00671497 /* Foundation.framework */ = {isa = PBXFileReference; lastKnownFileType = wrapper.framework; name = Foundation.framework; path = System/Library/Frameworks/Foundation.framework; sourceTree = SDKROOT; };
		1D3623240D0F684500981E51 /* CinetiAppDelegate.h */ = {isa = PBXFileReference; fileEncoding = 4; lastKnownFileType = sourcecode.c.h; path = CinetiAppDelegate.h; sourceTree = "<group>"; };
		1D3623250D0F684500981E51 /* CinetiAppDelegate.m */ = {isa = PBXFileReference; fileEncoding = 4; lastKnownFileType = sourcecode.c.objc; path = CinetiAppDelegate.m; sourceTree = "<group>"; };
		1D6058910D05DD3D006BFB54 /* cineti.ca-iphone.app */ = {isa = PBXFileReference; explicitFileType = wrapper.application; includeInIndex = 0; path = "cineti.ca-iphone.app"; sourceTree = BUILT_PRODUCTS_DIR; };
		1DF5F4DF0D08C38300B7A737 /* UIKit.framework */ = {isa = PBXFileReference; lastKnownFileType = wrapper.framework; name = UIKit.framework; path = System/Library/Frameworks/UIKit.framework; sourceTree = SDKROOT; };
		288765070DF74369002DB57D /* CoreGraphics.framework */ = {isa = PBXFileReference; lastKnownFileType = wrapper.framework; name = CoreGraphics.framework; path = System/Library/Frameworks/CoreGraphics.framework; sourceTree = SDKROOT; };
		29B97316FDCFA39411CA2CEA /* main.m */ = {isa = PBXFileReference; fileEncoding = 4; lastKnownFileType = sourcecode.c.objc; path = main.m; sourceTree = "<group>"; };
		3201088596B4756681693700 /* Three20UICommon.xcodeproj */ = {isa = PBXFileReference; lastKnownFileType = "wrapper.pb-project"; name = Three20UICommon.xcodeproj; path = "third-party/three20/src/Three20UICommon/Three20UICommon.xcodeproj"; sourceTree = SOURCE_ROOT; };
		320A2827FEC940B25BC42C60 /* Three20Core.xcodeproj */ = {isa = PBXFileReference; lastKnownFileType = "wrapper.pb-project"; name = Three20Core.xcodeproj; path = "third-party/three20/src/Three20Core/Three20Core.xcodeproj"; sourceTree = SOURCE_ROOT; };
		320A5A189C235877202780D0 /* Three20Network.xcodeproj */ = {isa = PBXFileReference; lastKnownFileType = "wrapper.pb-project"; name = Three20Network.xcodeproj; path = "third-party/three20/src/Three20Network/Three20Network.xcodeproj"; sourceTree = SOURCE_ROOT; };
		320A737074758E53BA54BE90 /* Three20UINavigator.xcodeproj */ = {isa = PBXFileReference; lastKnownFileType = "wrapper.pb-project"; name = Three20UINavigator.xcodeproj; path = "third-party/three20/src/Three20UINavigator/Three20UINavigator.xcodeproj"; sourceTree = SOURCE_ROOT; };
		320AF8492C47A4D819F7C450 /* QuartzCore.framework */ = {isa = PBXFileReference; lastKnownFileType = wrapper.framework; name = QuartzCore.framework; path = System/Library/Frameworks/QuartzCore.framework; sourceTree = SDK_ROOT; };
		320CC833B8AF0ACFD35E6220 /* Three20Style.xcodeproj */ = {isa = PBXFileReference; lastKnownFileType = "wrapper.pb-project"; name = Three20Style.xcodeproj; path = "third-party/three20/src/Three20Style/Three20Style.xcodeproj"; sourceTree = SOURCE_ROOT; };
		320D7DCCE32703ACAB9A45E0 /* Three20.xcodeproj */ = {isa = PBXFileReference; lastKnownFileType = "wrapper.pb-project"; name = Three20.xcodeproj; path = "third-party/three20/src/Three20/Three20.xcodeproj"; sourceTree = SOURCE_ROOT; };
		320F2C48872C2E2C4DF86200 /* Three20UI.xcodeproj */ = {isa = PBXFileReference; lastKnownFileType = "wrapper.pb-project"; name = Three20UI.xcodeproj; path = "third-party/three20/src/Three20UI/Three20UI.xcodeproj"; sourceTree = SOURCE_ROOT; };
		6E361F8E11AE246E00EE956A /* CinetiTheatresDataSource.h */ = {isa = PBXFileReference; fileEncoding = 4; lastKnownFileType = sourcecode.c.h; path = CinetiTheatresDataSource.h; sourceTree = "<group>"; };
		6E361F8F11AE246E00EE956A /* CinetiTheatresDataSource.m */ = {isa = PBXFileReference; fileEncoding = 4; lastKnownFileType = sourcecode.c.objc; path = CinetiTheatresDataSource.m; sourceTree = "<group>"; };
		6E361FB011AE26EA00EE956A /* CinetiTheatresModel.h */ = {isa = PBXFileReference; fileEncoding = 4; lastKnownFileType = sourcecode.c.h; path = CinetiTheatresModel.h; sourceTree = "<group>"; };
		6E361FB111AE26EA00EE956A /* CinetiTheatresModel.m */ = {isa = PBXFileReference; fileEncoding = 4; lastKnownFileType = sourcecode.c.objc; path = CinetiTheatresModel.m; sourceTree = "<group>"; };
		6E3621A011B078CC00EE956A /* CinetiTabBarController.h */ = {isa = PBXFileReference; fileEncoding = 4; lastKnownFileType = sourcecode.c.h; path = CinetiTabBarController.h; sourceTree = "<group>"; };
		6E3621A111B078CC00EE956A /* CinetiTabBarController.m */ = {isa = PBXFileReference; fileEncoding = 4; lastKnownFileType = sourcecode.c.objc; path = CinetiTabBarController.m; sourceTree = "<group>"; };
		6E453706126CDF610036493D /* CinetiMovieManager.h */ = {isa = PBXFileReference; fileEncoding = 4; lastKnownFileType = sourcecode.c.h; path = CinetiMovieManager.h; sourceTree = "<group>"; };
		6E453707126CDF610036493D /* CinetiMovieManager.m */ = {isa = PBXFileReference; fileEncoding = 4; lastKnownFileType = sourcecode.c.objc; path = CinetiMovieManager.m; sourceTree = "<group>"; };
		6E70417312A88D70006DF808 /* libthree20.a */ = {isa = PBXFileReference; explicitFileType = archive.ar; includeInIndex = 0; path = libthree20.a; sourceTree = BUILT_PRODUCTS_DIR; };
		6E726E4A11B8DDA600076846 /* CinetiTheatreModel.h */ = {isa = PBXFileReference; fileEncoding = 4; lastKnownFileType = sourcecode.c.h; path = CinetiTheatreModel.h; sourceTree = "<group>"; };
		6E726E4B11B8DDA600076846 /* CinetiTheatreModel.m */ = {isa = PBXFileReference; fileEncoding = 4; lastKnownFileType = sourcecode.c.objc; path = CinetiTheatreModel.m; sourceTree = "<group>"; };
		6E726E6911B992CB00076846 /* CinetiTheatreDataSource.h */ = {isa = PBXFileReference; fileEncoding = 4; lastKnownFileType = sourcecode.c.h; path = CinetiTheatreDataSource.h; sourceTree = "<group>"; };
		6E726E6A11B992CB00076846 /* CinetiTheatreDataSource.m */ = {isa = PBXFileReference; fileEncoding = 4; lastKnownFileType = sourcecode.c.objc; path = CinetiTheatreDataSource.m; sourceTree = "<group>"; };
		6E882ADE11C04E9E00D9FDCC /* CinetiTheatreTableItem.h */ = {isa = PBXFileReference; fileEncoding = 4; lastKnownFileType = sourcecode.c.h; path = CinetiTheatreTableItem.h; sourceTree = "<group>"; };
		6E882ADF11C04E9E00D9FDCC /* CinetiTheatreTableItem.m */ = {isa = PBXFileReference; fileEncoding = 4; lastKnownFileType = sourcecode.c.objc; path = CinetiTheatreTableItem.m; sourceTree = "<group>"; };
		6E882AE111C04EA700D9FDCC /* CinetiTheatreTableCell.h */ = {isa = PBXFileReference; fileEncoding = 4; lastKnownFileType = sourcecode.c.h; path = CinetiTheatreTableCell.h; sourceTree = "<group>"; };
		6E882AE211C04EA700D9FDCC /* CinetiTheatreTableCell.m */ = {isa = PBXFileReference; fileEncoding = 4; lastKnownFileType = sourcecode.c.objc; path = CinetiTheatreTableCell.m; sourceTree = "<group>"; };
		6E9FB67411864104004E6274 /* LogicTests.octest */ = {isa = PBXFileReference; explicitFileType = wrapper.cfbundle; includeInIndex = 0; path = LogicTests.octest; sourceTree = BUILT_PRODUCTS_DIR; };
		6EB5DF3A11A2764700F3847F /* LogicTestCase.h */ = {isa = PBXFileReference; fileEncoding = 4; lastKnownFileType = sourcecode.c.h; path = LogicTestCase.h; sourceTree = "<group>"; };
		6EB5DF3B11A2764700F3847F /* LogicTestCase.m */ = {isa = PBXFileReference; fileEncoding = 4; lastKnownFileType = sourcecode.c.objc; path = LogicTestCase.m; sourceTree = "<group>"; };
		6EC960511270DE3E000A59FB /* CinetiMovieViewController.h */ = {isa = PBXFileReference; fileEncoding = 4; lastKnownFileType = sourcecode.c.h; path = CinetiMovieViewController.h; sourceTree = "<group>"; };
		6EC960521270DE3E000A59FB /* CinetiMovieViewController.m */ = {isa = PBXFileReference; fileEncoding = 4; lastKnownFileType = sourcecode.c.objc; path = CinetiMovieViewController.m; sourceTree = "<group>"; };
		6EC9611C1277D0D2000A59FB /* CinetiMovieDataSource.h */ = {isa = PBXFileReference; fileEncoding = 4; lastKnownFileType = sourcecode.c.h; path = CinetiMovieDataSource.h; sourceTree = "<group>"; };
		6EC9611D1277D0D2000A59FB /* CinetiMovieDataSource.m */ = {isa = PBXFileReference; fileEncoding = 4; lastKnownFileType = sourcecode.c.objc; path = CinetiMovieDataSource.m; sourceTree = "<group>"; };
		6EC96124127810AF000A59FB /* CinetiMovieModel.h */ = {isa = PBXFileReference; fileEncoding = 4; lastKnownFileType = sourcecode.c.h; path = CinetiMovieModel.h; sourceTree = "<group>"; };
		6EC96125127810AF000A59FB /* CinetiMovieModel.m */ = {isa = PBXFileReference; fileEncoding = 4; lastKnownFileType = sourcecode.c.objc; path = CinetiMovieModel.m; sourceTree = "<group>"; };
		6ECA8C7711B4CFD300729241 /* CinetiTheatreViewController.h */ = {isa = PBXFileReference; fileEncoding = 4; lastKnownFileType = sourcecode.c.h; path = CinetiTheatreViewController.h; sourceTree = "<group>"; };
		6ECA8C7811B4CFD300729241 /* CinetiTheatreViewController.m */ = {isa = PBXFileReference; fileEncoding = 4; lastKnownFileType = sourcecode.c.objc; path = CinetiTheatreViewController.m; sourceTree = "<group>"; };
		DB4393051180A0E3008D4114 /* CinetiMovie.h */ = {isa = PBXFileReference; fileEncoding = 4; lastKnownFileType = sourcecode.c.h; path = CinetiMovie.h; sourceTree = "<group>"; };
		DB4393061180A0E3008D4114 /* CinetiMovie.m */ = {isa = PBXFileReference; fileEncoding = 4; lastKnownFileType = sourcecode.c.objc; path = CinetiMovie.m; sourceTree = "<group>"; };
		DB4393081180A23D008D4114 /* CinetiJSONObject.h */ = {isa = PBXFileReference; fileEncoding = 4; lastKnownFileType = sourcecode.c.h; path = CinetiJSONObject.h; sourceTree = "<group>"; };
		DB4393091180A23D008D4114 /* CinetiJSONObject.m */ = {isa = PBXFileReference; fileEncoding = 4; lastKnownFileType = sourcecode.c.objc; path = CinetiJSONObject.m; sourceTree = "<group>"; };
		DB43930F1180A5B1008D4114 /* CinetiMoviesRequestDelegate.h */ = {isa = PBXFileReference; fileEncoding = 4; lastKnownFileType = sourcecode.c.h; path = CinetiMoviesRequestDelegate.h; sourceTree = "<group>"; };
		DB4393121180A670008D4114 /* CinetiMoviesRequest.h */ = {isa = PBXFileReference; fileEncoding = 4; lastKnownFileType = sourcecode.c.h; path = CinetiMoviesRequest.h; sourceTree = "<group>"; };
		DB4393131180A670008D4114 /* CinetiMoviesRequest.m */ = {isa = PBXFileReference; fileEncoding = 4; lastKnownFileType = sourcecode.c.objc; path = CinetiMoviesRequest.m; sourceTree = "<group>"; };
		DB4393401180B018008D4114 /* QuartzCore.framework */ = {isa = PBXFileReference; lastKnownFileType = wrapper.framework; name = QuartzCore.framework; path = System/Library/Frameworks/QuartzCore.framework; sourceTree = SDKROOT; };
		DB4393651180B0A8008D4114 /* CinetiJSONRequest.h */ = {isa = PBXFileReference; fileEncoding = 4; lastKnownFileType = sourcecode.c.h; path = CinetiJSONRequest.h; sourceTree = "<group>"; };
		DB4393661180B0A8008D4114 /* CinetiJSONRequest.m */ = {isa = PBXFileReference; fileEncoding = 4; lastKnownFileType = sourcecode.c.objc; path = CinetiJSONRequest.m; sourceTree = "<group>"; };
		DB4393681180B1AE008D4114 /* CinetiJSONRequestDelegate.h */ = {isa = PBXFileReference; fileEncoding = 4; lastKnownFileType = sourcecode.c.h; path = CinetiJSONRequestDelegate.h; sourceTree = "<group>"; };
		DBF7D71E117F5B13002B0C96 /* Info.plist */ = {isa = PBXFileReference; fileEncoding = 4; lastKnownFileType = text.plist.xml; path = Info.plist; sourceTree = "<group>"; };
		DBF7D720117F5B2E002B0C96 /* Prefix.pch */ = {isa = PBXFileReference; fileEncoding = 4; lastKnownFileType = sourcecode.c.h; path = Prefix.pch; sourceTree = "<group>"; };
		DBF7D75B117F8908002B0C96 /* CinetiMoviesViewController.h */ = {isa = PBXFileReference; fileEncoding = 4; lastKnownFileType = sourcecode.c.h; path = CinetiMoviesViewController.h; sourceTree = "<group>"; };
		DBF7D75C117F8908002B0C96 /* CinetiMoviesViewController.m */ = {isa = PBXFileReference; fileEncoding = 4; lastKnownFileType = sourcecode.c.objc; path = CinetiMoviesViewController.m; sourceTree = "<group>"; };
		DBF7D78D117F8BDA002B0C96 /* CinetiTheatresViewController.h */ = {isa = PBXFileReference; fileEncoding = 4; lastKnownFileType = sourcecode.c.h; path = CinetiTheatresViewController.h; sourceTree = "<group>"; };
		DBF7D78E117F8BDA002B0C96 /* CinetiTheatresViewController.m */ = {isa = PBXFileReference; fileEncoding = 4; lastKnownFileType = sourcecode.c.objc; path = CinetiTheatresViewController.m; sourceTree = "<group>"; };
		DBF7D855117FA276002B0C96 /* libjson-framework.a */ = {isa = PBXFileReference; explicitFileType = archive.ar; includeInIndex = 0; path = "libjson-framework.a"; sourceTree = BUILT_PRODUCTS_DIR; };
		DBF7D93A117FA42C002B0C96 /* JSON.h */ = {isa = PBXFileReference; fileEncoding = 4; lastKnownFileType = sourcecode.c.h; name = JSON.h; path = "third-party/json-framework-2.2.3/Source/JSON.h"; sourceTree = "<group>"; };
		DBF7D93B117FA42C002B0C96 /* NSObject+SBJSON.h */ = {isa = PBXFileReference; fileEncoding = 4; lastKnownFileType = sourcecode.c.h; name = "NSObject+SBJSON.h"; path = "third-party/json-framework-2.2.3/Source/NSObject+SBJSON.h"; sourceTree = "<group>"; };
		DBF7D93C117FA42C002B0C96 /* NSObject+SBJSON.m */ = {isa = PBXFileReference; fileEncoding = 4; lastKnownFileType = sourcecode.c.objc; name = "NSObject+SBJSON.m"; path = "third-party/json-framework-2.2.3/Source/NSObject+SBJSON.m"; sourceTree = "<group>"; };
		DBF7D93D117FA42C002B0C96 /* NSString+SBJSON.h */ = {isa = PBXFileReference; fileEncoding = 4; lastKnownFileType = sourcecode.c.h; name = "NSString+SBJSON.h"; path = "third-party/json-framework-2.2.3/Source/NSString+SBJSON.h"; sourceTree = "<group>"; };
		DBF7D93E117FA42C002B0C96 /* NSString+SBJSON.m */ = {isa = PBXFileReference; fileEncoding = 4; lastKnownFileType = sourcecode.c.objc; name = "NSString+SBJSON.m"; path = "third-party/json-framework-2.2.3/Source/NSString+SBJSON.m"; sourceTree = "<group>"; };
		DBF7D93F117FA42C002B0C96 /* SBJSON.h */ = {isa = PBXFileReference; fileEncoding = 4; lastKnownFileType = sourcecode.c.h; name = SBJSON.h; path = "third-party/json-framework-2.2.3/Source/SBJSON.h"; sourceTree = "<group>"; };
		DBF7D940117FA42C002B0C96 /* SBJSON.m */ = {isa = PBXFileReference; fileEncoding = 4; lastKnownFileType = sourcecode.c.objc; name = SBJSON.m; path = "third-party/json-framework-2.2.3/Source/SBJSON.m"; sourceTree = "<group>"; };
		DBF7D941117FA42C002B0C96 /* SBJsonBase.h */ = {isa = PBXFileReference; fileEncoding = 4; lastKnownFileType = sourcecode.c.h; name = SBJsonBase.h; path = "third-party/json-framework-2.2.3/Source/SBJsonBase.h"; sourceTree = "<group>"; };
		DBF7D942117FA42C002B0C96 /* SBJsonBase.m */ = {isa = PBXFileReference; fileEncoding = 4; lastKnownFileType = sourcecode.c.objc; name = SBJsonBase.m; path = "third-party/json-framework-2.2.3/Source/SBJsonBase.m"; sourceTree = "<group>"; };
		DBF7D943117FA42C002B0C96 /* SBJsonParser.h */ = {isa = PBXFileReference; fileEncoding = 4; lastKnownFileType = sourcecode.c.h; name = SBJsonParser.h; path = "third-party/json-framework-2.2.3/Source/SBJsonParser.h"; sourceTree = "<group>"; };
		DBF7D944117FA42C002B0C96 /* SBJsonParser.m */ = {isa = PBXFileReference; fileEncoding = 4; lastKnownFileType = sourcecode.c.objc; name = SBJsonParser.m; path = "third-party/json-framework-2.2.3/Source/SBJsonParser.m"; sourceTree = "<group>"; };
		DBF7D945117FA42C002B0C96 /* SBJsonWriter.h */ = {isa = PBXFileReference; fileEncoding = 4; lastKnownFileType = sourcecode.c.h; name = SBJsonWriter.h; path = "third-party/json-framework-2.2.3/Source/SBJsonWriter.h"; sourceTree = "<group>"; };
		DBF7D946117FA42C002B0C96 /* SBJsonWriter.m */ = {isa = PBXFileReference; fileEncoding = 4; lastKnownFileType = sourcecode.c.objc; name = SBJsonWriter.m; path = "third-party/json-framework-2.2.3/Source/SBJsonWriter.m"; sourceTree = "<group>"; };
/* End PBXFileReference section */

/* Begin PBXFrameworksBuildPhase section */
		1D60588F0D05DD3D006BFB54 /* Frameworks */ = {
			isa = PBXFrameworksBuildPhase;
			buildActionMask = 2147483647;
			files = (
				3201088596B4756681693705 /* libThree20UICommon.a in Frameworks */,
				320D7DCCE32703ACAB9A45E5 /* libThree20.a in Frameworks */,
				320A737074758E53BA54BE95 /* libThree20UINavigator.a in Frameworks */,
				320A2827FEC940B25BC42C65 /* libThree20Core.a in Frameworks */,
				320F2C48872C2E2C4DF86205 /* libThree20UI.a in Frameworks */,
				320AF8492C47A4D819F7C451 /* QuartzCore.framework in Frameworks */,
				320A5A189C235877202780D5 /* libThree20Network.a in Frameworks */,
				320CC833B8AF0ACFD35E6225 /* libThree20Style.a in Frameworks */,
				1D60589F0D05DD5A006BFB54 /* Foundation.framework in Frameworks */,
				1DF5F4E00D08C38300B7A737 /* UIKit.framework in Frameworks */,
				288765080DF74369002DB57D /* CoreGraphics.framework in Frameworks */,
				DBF7D95E117FA4D9002B0C96 /* libjson-framework.a in Frameworks */,
				DB4393411180B018008D4114 /* QuartzCore.framework in Frameworks */,
			);
			runOnlyForDeploymentPostprocessing = 0;
		};
		6E9FB67111864104004E6274 /* Frameworks */ = {
			isa = PBXFrameworksBuildPhase;
			buildActionMask = 2147483647;
			files = (
				6E9A3F6011A5D67200BF0CC5 /* Foundation.framework in Frameworks */,
				6E9A3F5C11A5D5DD00BF0CC5 /* libjson-framework.a in Frameworks */,
				6E9A3FEC11A5DA3D00BF0CC5 /* CoreGraphics.framework in Frameworks */,
				6E9A3FED11A5DA4600BF0CC5 /* QuartzCore.framework in Frameworks */,
				6E9A3FEE11A5DA5200BF0CC5 /* UIKit.framework in Frameworks */,
			);
			runOnlyForDeploymentPostprocessing = 0;
		};
		DB43901A11809FBF008D4114 /* Frameworks */ = {
			isa = PBXFrameworksBuildPhase;
			buildActionMask = 2147483647;
			files = (
			);
			runOnlyForDeploymentPostprocessing = 0;
		};
		DBF7D853117FA276002B0C96 /* Frameworks */ = {
			isa = PBXFrameworksBuildPhase;
			buildActionMask = 2147483647;
			files = (
			);
			runOnlyForDeploymentPostprocessing = 0;
		};
/* End PBXFrameworksBuildPhase section */

/* Begin PBXGroup section */
		19C28FACFE9D520D11CA2CBB /* Products */ = {
			isa = PBXGroup;
			children = (
				1D6058910D05DD3D006BFB54 /* cineti.ca-iphone.app */,
				DBF7D855117FA276002B0C96 /* libjson-framework.a */,
				6E9FB67411864104004E6274 /* LogicTests.octest */,
				6E70417312A88D70006DF808 /* libthree20.a */,
			);
			name = Products;
			sourceTree = "<group>";
		};
		29B97314FDCFA39411CA2CEA /* cineti.ca-iphone */ = {
			isa = PBXGroup;
			children = (
				6EB5DF3811A2760200F3847F /* Tests */,
				DBF7D6F7117F582B002B0C96 /* Models */,
				DBF7D6F9117F5846002B0C96 /* Controllers */,
				DBF7D6F8117F583F002B0C96 /* Views */,
				29B97315FDCFA39411CA2CEA /* Startup */,
				29B97317FDCFA39411CA2CEA /* Resources */,
				29B97323FDCFA39411CA2CEA /* Frameworks */,
				19C28FACFE9D520D11CA2CBB /* Products */,
				DBF7D6FA117F586D002B0C96 /* Other */,
				DBF7D7A0117FA20D002B0C96 /* Third Party */,
			);
			name = "cineti.ca-iphone";
			sourceTree = "<group>";
		};
		29B97315FDCFA39411CA2CEA /* Startup */ = {
			isa = PBXGroup;
			children = (
				29B97316FDCFA39411CA2CEA /* main.m */,
				1D3623240D0F684500981E51 /* CinetiAppDelegate.h */,
				1D3623250D0F684500981E51 /* CinetiAppDelegate.m */,
			);
			name = Startup;
			path = src/startup;
			sourceTree = "<group>";
		};
		29B97317FDCFA39411CA2CEA /* Resources */ = {
			isa = PBXGroup;
			children = (
				DBF7D71E117F5B13002B0C96 /* Info.plist */,
			);
			name = Resources;
			path = rsrc;
			sourceTree = "<group>";
		};
		29B97323FDCFA39411CA2CEA /* Frameworks */ = {
			isa = PBXGroup;
			children = (
				3201088596B4756681693700 /* Three20UICommon.xcodeproj */,
				320D7DCCE32703ACAB9A45E0 /* Three20.xcodeproj */,
				320A737074758E53BA54BE90 /* Three20UINavigator.xcodeproj */,
				320A2827FEC940B25BC42C60 /* Three20Core.xcodeproj */,
				320F2C48872C2E2C4DF86200 /* Three20UI.xcodeproj */,
				320AF8492C47A4D819F7C450 /* QuartzCore.framework */,
				320A5A189C235877202780D0 /* Three20Network.xcodeproj */,
				320CC833B8AF0ACFD35E6220 /* Three20Style.xcodeproj */,
				1DF5F4DF0D08C38300B7A737 /* UIKit.framework */,
				1D30AB110D05D00D00671497 /* Foundation.framework */,
				288765070DF74369002DB57D /* CoreGraphics.framework */,
				DB4393401180B018008D4114 /* QuartzCore.framework */,
			);
			name = Frameworks;
			sourceTree = "<group>";
		};
		3201088596B4756681693703 /* Products */ = {
			isa = PBXGroup;
			children = (
				3201088596B4756681693704 /* libThree20UICommon.a */,
				6EEF514B12A7788F00E4C380 /* libThree20UICommon-Xcode3.2.5.a */,
				6EEF514D12A7788F00E4C380 /* libThree20UICommon-Xcode3.2.2.a */,
				6EEF514F12A7788F00E4C380 /* UICommonUnitTests.octest */,
				6EEF515112A7788F00E4C380 /* UICommonUnitTests-Xcode3.2.5.octest */,
				6EEF515312A7788F00E4C380 /* UICommonUnitTests-Xcode3.2.2.octest */,
			);
			name = Products;
			sourceTree = "<group>";
		};
		320A2827FEC940B25BC42C63 /* Products */ = {
			isa = PBXGroup;
			children = (
				320A2827FEC940B25BC42C64 /* libThree20Core.a */,
				6EEF510F12A7788F00E4C380 /* libThree20Core-Xcode3.2.5.a */,
				6EEF511112A7788F00E4C380 /* libThree20Core-Xcode3.2.2.a */,
				6EEF511312A7788F00E4C380 /* CoreUnitTests.octest */,
				6EEF511512A7788F00E4C380 /* CoreUnitTests-Xcode3.2.5.octest */,
				6EEF511712A7788F00E4C380 /* CoreUnitTests-Xcode3.2.2.octest */,
			);
			name = Products;
			sourceTree = "<group>";
		};
		320A5A189C235877202780D3 /* Products */ = {
			isa = PBXGroup;
			children = (
				320A5A189C235877202780D4 /* libThree20Network.a */,
				6EEF511E12A7788F00E4C380 /* libThree20Network-Xcode3.2.5.a */,
				6EEF512012A7788F00E4C380 /* libThree20Network-Xcode3.2.2.a */,
				6EEF512212A7788F00E4C380 /* NetworkUnitTests.octest */,
				6EEF512412A7788F00E4C380 /* NetworkUnitTests-Xcode3.2.5.octest */,
				6EEF512612A7788F00E4C380 /* NetworkUnitTests-Xcode3.2.2.octest */,
			);
			name = Products;
			sourceTree = "<group>";
		};
		320A737074758E53BA54BE93 /* Products */ = {
			isa = PBXGroup;
			children = (
				320A737074758E53BA54BE94 /* libThree20UINavigator.a */,
				6EEF515A12A7788F00E4C380 /* libThree20UINavigator-Xcode3.2.5.a */,
				6EEF515C12A7788F00E4C380 /* libThree20UINavigator-Xcode3.2.2.a */,
				6EEF515E12A7788F00E4C380 /* UINavigatorUnitTests.octest */,
				6EEF516012A7788F00E4C380 /* UINavigatorUnitTests-Xcode3.2.5.octest */,
				6EEF516212A7788F00E4C380 /* UINavigatorUnitTests-Xcode3.2.2.octest */,
			);
			name = Products;
			sourceTree = "<group>";
		};
		320CC833B8AF0ACFD35E6223 /* Products */ = {
			isa = PBXGroup;
			children = (
				320CC833B8AF0ACFD35E6224 /* libThree20Style.a */,
				6EEF512D12A7788F00E4C380 /* libThree20Style-Xcode3.2.5.a */,
				6EEF512F12A7788F00E4C380 /* libThree20Style-Xcode3.2.2.a */,
				6EEF513112A7788F00E4C380 /* StyleUnitTests.octest */,
				6EEF513312A7788F00E4C380 /* StyleUnitTests-Xcode3.2.5.octest */,
				6EEF513512A7788F00E4C380 /* StyleUnitTests-Xcode3.2.2.octest */,
			);
			name = Products;
			sourceTree = "<group>";
		};
		320D7DCCE32703ACAB9A45E3 /* Products */ = {
			isa = PBXGroup;
			children = (
				320D7DCCE32703ACAB9A45E4 /* libThree20.a */,
				6EEF510012A7788F00E4C380 /* libThree20-Xcode3.2.5.a */,
				6EEF510212A7788F00E4C380 /* libThree20-Xcode3.2.2.a */,
				6EEF510412A7788F00E4C380 /* Three20UnitTests.octest */,
				6EEF510612A7788F00E4C380 /* Three20UnitTests-Xcode3.2.5.octest */,
				6EEF510812A7788F00E4C380 /* Three20UnitTests-Xcode3.2.2.octest */,
			);
			name = Products;
			sourceTree = "<group>";
		};
		320F2C48872C2E2C4DF86203 /* Products */ = {
			isa = PBXGroup;
			children = (
				320F2C48872C2E2C4DF86204 /* libThree20UI.a */,
				6EEF513C12A7788F00E4C380 /* libThree20UI-Xcode3.2.5.a */,
				6EEF513E12A7788F00E4C380 /* libThree20UI-Xcode3.2.2.a */,
				6EEF514012A7788F00E4C380 /* UIUnitTests.octest */,
				6EEF514212A7788F00E4C380 /* UIUnitTests-Xcode3.2.5.octest */,
				6EEF514412A7788F00E4C380 /* UIUnitTests-Xcode3.2.2.octest */,
			);
			name = Products;
			sourceTree = "<group>";
		};
		6EB5DF3811A2760200F3847F /* Tests */ = {
			isa = PBXGroup;
			children = (
				6EB5DF3A11A2764700F3847F /* LogicTestCase.h */,
				6EB5DF3B11A2764700F3847F /* LogicTestCase.m */,
			);
			name = Tests;
			path = src/tests;
			sourceTree = "<group>";
		};
		DBF7D6F7117F582B002B0C96 /* Models */ = {
			isa = PBXGroup;
			children = (
				DB4393081180A23D008D4114 /* CinetiJSONObject.h */,
				DB4393091180A23D008D4114 /* CinetiJSONObject.m */,
				DB4393681180B1AE008D4114 /* CinetiJSONRequestDelegate.h */,
				DB4393651180B0A8008D4114 /* CinetiJSONRequest.h */,
				DB4393661180B0A8008D4114 /* CinetiJSONRequest.m */,
				DB43930F1180A5B1008D4114 /* CinetiMoviesRequestDelegate.h */,
				DB4393121180A670008D4114 /* CinetiMoviesRequest.h */,
				DB4393131180A670008D4114 /* CinetiMoviesRequest.m */,
				DB4393051180A0E3008D4114 /* CinetiMovie.h */,
				DB4393061180A0E3008D4114 /* CinetiMovie.m */,
				6E453706126CDF610036493D /* CinetiMovieManager.h */,
				6E453707126CDF610036493D /* CinetiMovieManager.m */,
				6EC9611C1277D0D2000A59FB /* CinetiMovieDataSource.h */,
				6EC9611D1277D0D2000A59FB /* CinetiMovieDataSource.m */,
				6EC96124127810AF000A59FB /* CinetiMovieModel.h */,
				6EC96125127810AF000A59FB /* CinetiMovieModel.m */,
				6E361F8E11AE246E00EE956A /* CinetiTheatresDataSource.h */,
				6E361F8F11AE246E00EE956A /* CinetiTheatresDataSource.m */,
				6E361FB011AE26EA00EE956A /* CinetiTheatresModel.h */,
				6E361FB111AE26EA00EE956A /* CinetiTheatresModel.m */,
				6E726E6911B992CB00076846 /* CinetiTheatreDataSource.h */,
				6E726E6A11B992CB00076846 /* CinetiTheatreDataSource.m */,
				6E726E4A11B8DDA600076846 /* CinetiTheatreModel.h */,
				6E726E4B11B8DDA600076846 /* CinetiTheatreModel.m */,
			);
			name = Models;
			path = src/models;
			sourceTree = "<group>";
		};
		DBF7D6F8117F583F002B0C96 /* Views */ = {
			isa = PBXGroup;
			children = (
				6E882ADE11C04E9E00D9FDCC /* CinetiTheatreTableItem.h */,
				6E882ADF11C04E9E00D9FDCC /* CinetiTheatreTableItem.m */,
				6E882AE111C04EA700D9FDCC /* CinetiTheatreTableCell.h */,
				6E882AE211C04EA700D9FDCC /* CinetiTheatreTableCell.m */,
			);
			name = Views;
			path = src/views;
			sourceTree = "<group>";
		};
		DBF7D6F9117F5846002B0C96 /* Controllers */ = {
			isa = PBXGroup;
			children = (
				DBF7D75B117F8908002B0C96 /* CinetiMoviesViewController.h */,
				DBF7D75C117F8908002B0C96 /* CinetiMoviesViewController.m */,
				6EC960511270DE3E000A59FB /* CinetiMovieViewController.h */,
				6EC960521270DE3E000A59FB /* CinetiMovieViewController.m */,
				DBF7D78D117F8BDA002B0C96 /* CinetiTheatresViewController.h */,
				DBF7D78E117F8BDA002B0C96 /* CinetiTheatresViewController.m */,
				6ECA8C7711B4CFD300729241 /* CinetiTheatreViewController.h */,
				6ECA8C7811B4CFD300729241 /* CinetiTheatreViewController.m */,
				6E3621A011B078CC00EE956A /* CinetiTabBarController.h */,
				6E3621A111B078CC00EE956A /* CinetiTabBarController.m */,
			);
			name = Controllers;
			path = src/controllers;
			sourceTree = "<group>";
		};
		DBF7D6FA117F586D002B0C96 /* Other */ = {
			isa = PBXGroup;
			children = (
				DBF7D720117F5B2E002B0C96 /* Prefix.pch */,
			);
			name = Other;
			sourceTree = "<group>";
		};
		DBF7D7A0117FA20D002B0C96 /* Third Party */ = {
			isa = PBXGroup;
			children = (
				DBF7D939117FA3FA002B0C96 /* json-framework */,
			);
			name = "Third Party";
			sourceTree = "<group>";
		};
		DBF7D939117FA3FA002B0C96 /* json-framework */ = {
			isa = PBXGroup;
			children = (
				DBF7D93A117FA42C002B0C96 /* JSON.h */,
				DBF7D93B117FA42C002B0C96 /* NSObject+SBJSON.h */,
				DBF7D93C117FA42C002B0C96 /* NSObject+SBJSON.m */,
				DBF7D93D117FA42C002B0C96 /* NSString+SBJSON.h */,
				DBF7D93E117FA42C002B0C96 /* NSString+SBJSON.m */,
				DBF7D93F117FA42C002B0C96 /* SBJSON.h */,
				DBF7D940117FA42C002B0C96 /* SBJSON.m */,
				DBF7D941117FA42C002B0C96 /* SBJsonBase.h */,
				DBF7D942117FA42C002B0C96 /* SBJsonBase.m */,
				DBF7D943117FA42C002B0C96 /* SBJsonParser.h */,
				DBF7D944117FA42C002B0C96 /* SBJsonParser.m */,
				DBF7D945117FA42C002B0C96 /* SBJsonWriter.h */,
				DBF7D946117FA42C002B0C96 /* SBJsonWriter.m */,
			);
			name = "json-framework";
			sourceTree = "<group>";
		};
/* End PBXGroup section */

/* Begin PBXHeadersBuildPhase section */
		DB43901811809FBF008D4114 /* Headers */ = {
			isa = PBXHeadersBuildPhase;
			buildActionMask = 2147483647;
			files = (
			);
			runOnlyForDeploymentPostprocessing = 0;
		};
		DBF7D851117FA276002B0C96 /* Headers */ = {
			isa = PBXHeadersBuildPhase;
			buildActionMask = 2147483647;
			files = (
				DBF7D947117FA42C002B0C96 /* JSON.h in Headers */,
				DBF7D948117FA42C002B0C96 /* NSObject+SBJSON.h in Headers */,
				DBF7D94A117FA42C002B0C96 /* NSString+SBJSON.h in Headers */,
				DBF7D94C117FA42C002B0C96 /* SBJSON.h in Headers */,
				DBF7D94E117FA42C002B0C96 /* SBJsonBase.h in Headers */,
				DBF7D950117FA42C002B0C96 /* SBJsonParser.h in Headers */,
				DBF7D952117FA42C002B0C96 /* SBJsonWriter.h in Headers */,
			);
			runOnlyForDeploymentPostprocessing = 0;
		};
/* End PBXHeadersBuildPhase section */

/* Begin PBXNativeTarget section */
		1D6058900D05DD3D006BFB54 /* cineti.ca-iphone */ = {
			isa = PBXNativeTarget;
			buildConfigurationList = 1D6058960D05DD3E006BFB54 /* Build configuration list for PBXNativeTarget "cineti.ca-iphone" */;
			buildPhases = (
				1D60588D0D05DD3D006BFB54 /* Resources */,
				1D60588E0D05DD3D006BFB54 /* Sources */,
				1D60588F0D05DD3D006BFB54 /* Frameworks */,
			);
			buildRules = (
			);
			dependencies = (
				3201088596B4756681693701 /* PBXTargetDependency */,
				320D7DCCE32703ACAB9A45E1 /* PBXTargetDependency */,
				320A737074758E53BA54BE91 /* PBXTargetDependency */,
				320A2827FEC940B25BC42C61 /* PBXTargetDependency */,
				320F2C48872C2E2C4DF86201 /* PBXTargetDependency */,
				320A5A189C235877202780D1 /* PBXTargetDependency */,
				320CC833B8AF0ACFD35E6221 /* PBXTargetDependency */,
				DBF7D955117FA44A002B0C96 /* PBXTargetDependency */,
				DB43902011809FCD008D4114 /* PBXTargetDependency */,
			);
			name = "cineti.ca-iphone";
			productName = "cineti.ca-iphone";
			productReference = 1D6058910D05DD3D006BFB54 /* cineti.ca-iphone.app */;
			productType = "com.apple.product-type.application";
		};
		6E9FB67311864104004E6274 /* LogicTests */ = {
			isa = PBXNativeTarget;
			buildConfigurationList = 6E9FB67811864104004E6274 /* Build configuration list for PBXNativeTarget "LogicTests" */;
			buildPhases = (
				6E9FB66F11864104004E6274 /* Resources */,
				6E9FB67011864104004E6274 /* Sources */,
				6E9FB67111864104004E6274 /* Frameworks */,
				6E9FB67211864104004E6274 /* ShellScript */,
			);
			buildRules = (
			);
			dependencies = (
				6E9A3FDE11A5D7DF00BF0CC5 /* PBXTargetDependency */,
				6E9A3FE011A5D7E300BF0CC5 /* PBXTargetDependency */,
			);
			name = LogicTests;
			productName = LogicTests;
			productReference = 6E9FB67411864104004E6274 /* LogicTests.octest */;
			productType = "com.apple.product-type.bundle";
		};
		DB43901B11809FBF008D4114 /* three20 */ = {
			isa = PBXNativeTarget;
			buildConfigurationList = DB43902211809FD6008D4114 /* Build configuration list for PBXNativeTarget "three20" */;
			buildPhases = (
				DB43901811809FBF008D4114 /* Headers */,
				DB43901911809FBF008D4114 /* Sources */,
				DB43901A11809FBF008D4114 /* Frameworks */,
			);
			buildRules = (
			);
			dependencies = (
			);
			name = three20;
			productName = three20;
			productReference = 6E70417312A88D70006DF808 /* libthree20.a */;
			productType = "com.apple.product-type.library.static";
		};
		DBF7D854117FA276002B0C96 /* json-framework */ = {
			isa = PBXNativeTarget;
			buildConfigurationList = DBF7D85A117FA292002B0C96 /* Build configuration list for PBXNativeTarget "json-framework" */;
			buildPhases = (
				DBF7D851117FA276002B0C96 /* Headers */,
				DBF7D852117FA276002B0C96 /* Sources */,
				DBF7D853117FA276002B0C96 /* Frameworks */,
			);
			buildRules = (
			);
			dependencies = (
			);
			name = "json-framework";
			productName = "json-framework";
			productReference = DBF7D855117FA276002B0C96 /* libjson-framework.a */;
			productType = "com.apple.product-type.library.static";
		};
/* End PBXNativeTarget section */

/* Begin PBXProject section */
		29B97313FDCFA39411CA2CEA /* Project object */ = {
			isa = PBXProject;
			buildConfigurationList = C01FCF4E08A954540054247B /* Build configuration list for PBXProject "Cineti" */;
			compatibilityVersion = "Xcode 3.2";
			developmentRegion = English;
			hasScannedForEncodings = 1;
			knownRegions = (
				English,
				Japanese,
				French,
				German,
			);
			mainGroup = 29B97314FDCFA39411CA2CEA /* cineti.ca-iphone */;
			projectDirPath = "";
			projectReferences = (
				{
					ProductGroup = 320D7DCCE32703ACAB9A45E3 /* Products */;
					ProjectRef = 320D7DCCE32703ACAB9A45E0 /* Three20.xcodeproj */;
				},
				{
					ProductGroup = 320A2827FEC940B25BC42C63 /* Products */;
					ProjectRef = 320A2827FEC940B25BC42C60 /* Three20Core.xcodeproj */;
				},
				{
					ProductGroup = 320A5A189C235877202780D3 /* Products */;
					ProjectRef = 320A5A189C235877202780D0 /* Three20Network.xcodeproj */;
				},
				{
					ProductGroup = 320CC833B8AF0ACFD35E6223 /* Products */;
					ProjectRef = 320CC833B8AF0ACFD35E6220 /* Three20Style.xcodeproj */;
				},
				{
					ProductGroup = 320F2C48872C2E2C4DF86203 /* Products */;
					ProjectRef = 320F2C48872C2E2C4DF86200 /* Three20UI.xcodeproj */;
				},
				{
					ProductGroup = 3201088596B4756681693703 /* Products */;
					ProjectRef = 3201088596B4756681693700 /* Three20UICommon.xcodeproj */;
				},
				{
					ProductGroup = 320A737074758E53BA54BE93 /* Products */;
					ProjectRef = 320A737074758E53BA54BE90 /* Three20UINavigator.xcodeproj */;
				},
			);
			projectRoot = "";
			targets = (
				1D6058900D05DD3D006BFB54 /* cineti.ca-iphone */,
				DBF7D854117FA276002B0C96 /* json-framework */,
				DB43901B11809FBF008D4114 /* three20 */,
				6E9FB67311864104004E6274 /* LogicTests */,
			);
		};
/* End PBXProject section */

/* Begin PBXReferenceProxy section */
		3201088596B4756681693704 /* libThree20UICommon.a */ = {
			isa = PBXReferenceProxy;
			fileType = archive.ar;
			path = libThree20UICommon.a;
			remoteRef = 3201088596B4756681693706 /* PBXContainerItemProxy */;
			sourceTree = BUILT_PRODUCTS_DIR;
		};
		320A2827FEC940B25BC42C64 /* libThree20Core.a */ = {
			isa = PBXReferenceProxy;
			fileType = archive.ar;
			path = libThree20Core.a;
			remoteRef = 320A2827FEC940B25BC42C66 /* PBXContainerItemProxy */;
			sourceTree = BUILT_PRODUCTS_DIR;
		};
		320A5A189C235877202780D4 /* libThree20Network.a */ = {
			isa = PBXReferenceProxy;
			fileType = archive.ar;
			path = libThree20Network.a;
			remoteRef = 320A5A189C235877202780D6 /* PBXContainerItemProxy */;
			sourceTree = BUILT_PRODUCTS_DIR;
		};
		320A737074758E53BA54BE94 /* libThree20UINavigator.a */ = {
			isa = PBXReferenceProxy;
			fileType = archive.ar;
			path = libThree20UINavigator.a;
			remoteRef = 320A737074758E53BA54BE96 /* PBXContainerItemProxy */;
			sourceTree = BUILT_PRODUCTS_DIR;
		};
		320CC833B8AF0ACFD35E6224 /* libThree20Style.a */ = {
			isa = PBXReferenceProxy;
			fileType = archive.ar;
			path = libThree20Style.a;
			remoteRef = 320CC833B8AF0ACFD35E6226 /* PBXContainerItemProxy */;
			sourceTree = BUILT_PRODUCTS_DIR;
		};
		320D7DCCE32703ACAB9A45E4 /* libThree20.a */ = {
			isa = PBXReferenceProxy;
			fileType = archive.ar;
			path = libThree20.a;
			remoteRef = 320D7DCCE32703ACAB9A45E6 /* PBXContainerItemProxy */;
			sourceTree = BUILT_PRODUCTS_DIR;
		};
		320F2C48872C2E2C4DF86204 /* libThree20UI.a */ = {
			isa = PBXReferenceProxy;
			fileType = archive.ar;
			path = libThree20UI.a;
			remoteRef = 320F2C48872C2E2C4DF86206 /* PBXContainerItemProxy */;
			sourceTree = BUILT_PRODUCTS_DIR;
		};
		6EEF510012A7788F00E4C380 /* libThree20-Xcode3.2.5.a */ = {
			isa = PBXReferenceProxy;
			fileType = archive.ar;
			path = "libThree20-Xcode3.2.5.a";
			remoteRef = 6EEF50FF12A7788F00E4C380 /* PBXContainerItemProxy */;
			sourceTree = BUILT_PRODUCTS_DIR;
		};
		6EEF510212A7788F00E4C380 /* libThree20-Xcode3.2.2.a */ = {
			isa = PBXReferenceProxy;
			fileType = archive.ar;
			path = "libThree20-Xcode3.2.2.a";
			remoteRef = 6EEF510112A7788F00E4C380 /* PBXContainerItemProxy */;
			sourceTree = BUILT_PRODUCTS_DIR;
		};
		6EEF510412A7788F00E4C380 /* Three20UnitTests.octest */ = {
			isa = PBXReferenceProxy;
			fileType = wrapper.cfbundle;
			path = Three20UnitTests.octest;
			remoteRef = 6EEF510312A7788F00E4C380 /* PBXContainerItemProxy */;
			sourceTree = BUILT_PRODUCTS_DIR;
		};
		6EEF510612A7788F00E4C380 /* Three20UnitTests-Xcode3.2.5.octest */ = {
			isa = PBXReferenceProxy;
			fileType = wrapper.cfbundle;
			path = "Three20UnitTests-Xcode3.2.5.octest";
			remoteRef = 6EEF510512A7788F00E4C380 /* PBXContainerItemProxy */;
			sourceTree = BUILT_PRODUCTS_DIR;
		};
		6EEF510812A7788F00E4C380 /* Three20UnitTests-Xcode3.2.2.octest */ = {
			isa = PBXReferenceProxy;
			fileType = wrapper.cfbundle;
			path = "Three20UnitTests-Xcode3.2.2.octest";
			remoteRef = 6EEF510712A7788F00E4C380 /* PBXContainerItemProxy */;
			sourceTree = BUILT_PRODUCTS_DIR;
		};
		6EEF510F12A7788F00E4C380 /* libThree20Core-Xcode3.2.5.a */ = {
			isa = PBXReferenceProxy;
			fileType = archive.ar;
			path = "libThree20Core-Xcode3.2.5.a";
			remoteRef = 6EEF510E12A7788F00E4C380 /* PBXContainerItemProxy */;
			sourceTree = BUILT_PRODUCTS_DIR;
		};
		6EEF511112A7788F00E4C380 /* libThree20Core-Xcode3.2.2.a */ = {
			isa = PBXReferenceProxy;
			fileType = archive.ar;
			path = "libThree20Core-Xcode3.2.2.a";
			remoteRef = 6EEF511012A7788F00E4C380 /* PBXContainerItemProxy */;
			sourceTree = BUILT_PRODUCTS_DIR;
		};
		6EEF511312A7788F00E4C380 /* CoreUnitTests.octest */ = {
			isa = PBXReferenceProxy;
			fileType = wrapper.cfbundle;
			path = CoreUnitTests.octest;
			remoteRef = 6EEF511212A7788F00E4C380 /* PBXContainerItemProxy */;
			sourceTree = BUILT_PRODUCTS_DIR;
		};
		6EEF511512A7788F00E4C380 /* CoreUnitTests-Xcode3.2.5.octest */ = {
			isa = PBXReferenceProxy;
			fileType = wrapper.cfbundle;
			path = "CoreUnitTests-Xcode3.2.5.octest";
			remoteRef = 6EEF511412A7788F00E4C380 /* PBXContainerItemProxy */;
			sourceTree = BUILT_PRODUCTS_DIR;
		};
		6EEF511712A7788F00E4C380 /* CoreUnitTests-Xcode3.2.2.octest */ = {
			isa = PBXReferenceProxy;
			fileType = wrapper.cfbundle;
			path = "CoreUnitTests-Xcode3.2.2.octest";
			remoteRef = 6EEF511612A7788F00E4C380 /* PBXContainerItemProxy */;
			sourceTree = BUILT_PRODUCTS_DIR;
		};
		6EEF511E12A7788F00E4C380 /* libThree20Network-Xcode3.2.5.a */ = {
			isa = PBXReferenceProxy;
			fileType = archive.ar;
			path = "libThree20Network-Xcode3.2.5.a";
			remoteRef = 6EEF511D12A7788F00E4C380 /* PBXContainerItemProxy */;
			sourceTree = BUILT_PRODUCTS_DIR;
		};
		6EEF512012A7788F00E4C380 /* libThree20Network-Xcode3.2.2.a */ = {
			isa = PBXReferenceProxy;
			fileType = archive.ar;
			path = "libThree20Network-Xcode3.2.2.a";
			remoteRef = 6EEF511F12A7788F00E4C380 /* PBXContainerItemProxy */;
			sourceTree = BUILT_PRODUCTS_DIR;
		};
		6EEF512212A7788F00E4C380 /* NetworkUnitTests.octest */ = {
			isa = PBXReferenceProxy;
			fileType = wrapper.cfbundle;
			path = NetworkUnitTests.octest;
			remoteRef = 6EEF512112A7788F00E4C380 /* PBXContainerItemProxy */;
			sourceTree = BUILT_PRODUCTS_DIR;
		};
		6EEF512412A7788F00E4C380 /* NetworkUnitTests-Xcode3.2.5.octest */ = {
			isa = PBXReferenceProxy;
			fileType = wrapper.cfbundle;
			path = "NetworkUnitTests-Xcode3.2.5.octest";
			remoteRef = 6EEF512312A7788F00E4C380 /* PBXContainerItemProxy */;
			sourceTree = BUILT_PRODUCTS_DIR;
		};
		6EEF512612A7788F00E4C380 /* NetworkUnitTests-Xcode3.2.2.octest */ = {
			isa = PBXReferenceProxy;
			fileType = wrapper.cfbundle;
			path = "NetworkUnitTests-Xcode3.2.2.octest";
			remoteRef = 6EEF512512A7788F00E4C380 /* PBXContainerItemProxy */;
			sourceTree = BUILT_PRODUCTS_DIR;
		};
		6EEF512D12A7788F00E4C380 /* libThree20Style-Xcode3.2.5.a */ = {
			isa = PBXReferenceProxy;
			fileType = archive.ar;
			path = "libThree20Style-Xcode3.2.5.a";
			remoteRef = 6EEF512C12A7788F00E4C380 /* PBXContainerItemProxy */;
			sourceTree = BUILT_PRODUCTS_DIR;
		};
		6EEF512F12A7788F00E4C380 /* libThree20Style-Xcode3.2.2.a */ = {
			isa = PBXReferenceProxy;
			fileType = archive.ar;
			path = "libThree20Style-Xcode3.2.2.a";
			remoteRef = 6EEF512E12A7788F00E4C380 /* PBXContainerItemProxy */;
			sourceTree = BUILT_PRODUCTS_DIR;
		};
		6EEF513112A7788F00E4C380 /* StyleUnitTests.octest */ = {
			isa = PBXReferenceProxy;
			fileType = wrapper.cfbundle;
			path = StyleUnitTests.octest;
			remoteRef = 6EEF513012A7788F00E4C380 /* PBXContainerItemProxy */;
			sourceTree = BUILT_PRODUCTS_DIR;
		};
		6EEF513312A7788F00E4C380 /* StyleUnitTests-Xcode3.2.5.octest */ = {
			isa = PBXReferenceProxy;
			fileType = wrapper.cfbundle;
			path = "StyleUnitTests-Xcode3.2.5.octest";
			remoteRef = 6EEF513212A7788F00E4C380 /* PBXContainerItemProxy */;
			sourceTree = BUILT_PRODUCTS_DIR;
		};
		6EEF513512A7788F00E4C380 /* StyleUnitTests-Xcode3.2.2.octest */ = {
			isa = PBXReferenceProxy;
			fileType = wrapper.cfbundle;
			path = "StyleUnitTests-Xcode3.2.2.octest";
			remoteRef = 6EEF513412A7788F00E4C380 /* PBXContainerItemProxy */;
			sourceTree = BUILT_PRODUCTS_DIR;
		};
		6EEF513C12A7788F00E4C380 /* libThree20UI-Xcode3.2.5.a */ = {
			isa = PBXReferenceProxy;
			fileType = archive.ar;
			path = "libThree20UI-Xcode3.2.5.a";
			remoteRef = 6EEF513B12A7788F00E4C380 /* PBXContainerItemProxy */;
			sourceTree = BUILT_PRODUCTS_DIR;
		};
		6EEF513E12A7788F00E4C380 /* libThree20UI-Xcode3.2.2.a */ = {
			isa = PBXReferenceProxy;
			fileType = archive.ar;
			path = "libThree20UI-Xcode3.2.2.a";
			remoteRef = 6EEF513D12A7788F00E4C380 /* PBXContainerItemProxy */;
			sourceTree = BUILT_PRODUCTS_DIR;
		};
		6EEF514012A7788F00E4C380 /* UIUnitTests.octest */ = {
			isa = PBXReferenceProxy;
			fileType = wrapper.cfbundle;
			path = UIUnitTests.octest;
			remoteRef = 6EEF513F12A7788F00E4C380 /* PBXContainerItemProxy */;
			sourceTree = BUILT_PRODUCTS_DIR;
		};
		6EEF514212A7788F00E4C380 /* UIUnitTests-Xcode3.2.5.octest */ = {
			isa = PBXReferenceProxy;
			fileType = wrapper.cfbundle;
			path = "UIUnitTests-Xcode3.2.5.octest";
			remoteRef = 6EEF514112A7788F00E4C380 /* PBXContainerItemProxy */;
			sourceTree = BUILT_PRODUCTS_DIR;
		};
		6EEF514412A7788F00E4C380 /* UIUnitTests-Xcode3.2.2.octest */ = {
			isa = PBXReferenceProxy;
			fileType = wrapper.cfbundle;
			path = "UIUnitTests-Xcode3.2.2.octest";
			remoteRef = 6EEF514312A7788F00E4C380 /* PBXContainerItemProxy */;
			sourceTree = BUILT_PRODUCTS_DIR;
		};
		6EEF514B12A7788F00E4C380 /* libThree20UICommon-Xcode3.2.5.a */ = {
			isa = PBXReferenceProxy;
			fileType = archive.ar;
			path = "libThree20UICommon-Xcode3.2.5.a";
			remoteRef = 6EEF514A12A7788F00E4C380 /* PBXContainerItemProxy */;
			sourceTree = BUILT_PRODUCTS_DIR;
		};
		6EEF514D12A7788F00E4C380 /* libThree20UICommon-Xcode3.2.2.a */ = {
			isa = PBXReferenceProxy;
			fileType = archive.ar;
			path = "libThree20UICommon-Xcode3.2.2.a";
			remoteRef = 6EEF514C12A7788F00E4C380 /* PBXContainerItemProxy */;
			sourceTree = BUILT_PRODUCTS_DIR;
		};
		6EEF514F12A7788F00E4C380 /* UICommonUnitTests.octest */ = {
			isa = PBXReferenceProxy;
			fileType = wrapper.cfbundle;
			path = UICommonUnitTests.octest;
			remoteRef = 6EEF514E12A7788F00E4C380 /* PBXContainerItemProxy */;
			sourceTree = BUILT_PRODUCTS_DIR;
		};
		6EEF515112A7788F00E4C380 /* UICommonUnitTests-Xcode3.2.5.octest */ = {
			isa = PBXReferenceProxy;
			fileType = wrapper.cfbundle;
			path = "UICommonUnitTests-Xcode3.2.5.octest";
			remoteRef = 6EEF515012A7788F00E4C380 /* PBXContainerItemProxy */;
			sourceTree = BUILT_PRODUCTS_DIR;
		};
		6EEF515312A7788F00E4C380 /* UICommonUnitTests-Xcode3.2.2.octest */ = {
			isa = PBXReferenceProxy;
			fileType = wrapper.cfbundle;
			path = "UICommonUnitTests-Xcode3.2.2.octest";
			remoteRef = 6EEF515212A7788F00E4C380 /* PBXContainerItemProxy */;
			sourceTree = BUILT_PRODUCTS_DIR;
		};
		6EEF515A12A7788F00E4C380 /* libThree20UINavigator-Xcode3.2.5.a */ = {
			isa = PBXReferenceProxy;
			fileType = archive.ar;
			path = "libThree20UINavigator-Xcode3.2.5.a";
			remoteRef = 6EEF515912A7788F00E4C380 /* PBXContainerItemProxy */;
			sourceTree = BUILT_PRODUCTS_DIR;
		};
		6EEF515C12A7788F00E4C380 /* libThree20UINavigator-Xcode3.2.2.a */ = {
			isa = PBXReferenceProxy;
			fileType = archive.ar;
			path = "libThree20UINavigator-Xcode3.2.2.a";
			remoteRef = 6EEF515B12A7788F00E4C380 /* PBXContainerItemProxy */;
			sourceTree = BUILT_PRODUCTS_DIR;
		};
		6EEF515E12A7788F00E4C380 /* UINavigatorUnitTests.octest */ = {
			isa = PBXReferenceProxy;
			fileType = wrapper.cfbundle;
			path = UINavigatorUnitTests.octest;
			remoteRef = 6EEF515D12A7788F00E4C380 /* PBXContainerItemProxy */;
			sourceTree = BUILT_PRODUCTS_DIR;
		};
		6EEF516012A7788F00E4C380 /* UINavigatorUnitTests-Xcode3.2.5.octest */ = {
			isa = PBXReferenceProxy;
			fileType = wrapper.cfbundle;
			path = "UINavigatorUnitTests-Xcode3.2.5.octest";
			remoteRef = 6EEF515F12A7788F00E4C380 /* PBXContainerItemProxy */;
			sourceTree = BUILT_PRODUCTS_DIR;
		};
		6EEF516212A7788F00E4C380 /* UINavigatorUnitTests-Xcode3.2.2.octest */ = {
			isa = PBXReferenceProxy;
			fileType = wrapper.cfbundle;
			path = "UINavigatorUnitTests-Xcode3.2.2.octest";
			remoteRef = 6EEF516112A7788F00E4C380 /* PBXContainerItemProxy */;
			sourceTree = BUILT_PRODUCTS_DIR;
		};
/* End PBXReferenceProxy section */

/* Begin PBXResourcesBuildPhase section */
		1D60588D0D05DD3D006BFB54 /* Resources */ = {
			isa = PBXResourcesBuildPhase;
			buildActionMask = 2147483647;
			files = (
			);
			runOnlyForDeploymentPostprocessing = 0;
		};
		6E9FB66F11864104004E6274 /* Resources */ = {
			isa = PBXResourcesBuildPhase;
			buildActionMask = 2147483647;
			files = (
			);
			runOnlyForDeploymentPostprocessing = 0;
		};
/* End PBXResourcesBuildPhase section */

/* Begin PBXShellScriptBuildPhase section */
		6E9FB67211864104004E6274 /* ShellScript */ = {
			isa = PBXShellScriptBuildPhase;
			buildActionMask = 2147483647;
			files = (
			);
			inputPaths = (
			);
			outputPaths = (
			);
			runOnlyForDeploymentPostprocessing = 0;
			shellPath = /bin/sh;
			shellScript = "# Run the unit tests in this test bundle.\n\"${SYSTEM_DEVELOPER_DIR}/Tools/RunUnitTests\"\n";
		};
/* End PBXShellScriptBuildPhase section */

/* Begin PBXSourcesBuildPhase section */
		1D60588E0D05DD3D006BFB54 /* Sources */ = {
			isa = PBXSourcesBuildPhase;
			buildActionMask = 2147483647;
			files = (
				1D60589B0D05DD56006BFB54 /* main.m in Sources */,
				1D3623260D0F684500981E51 /* CinetiAppDelegate.m in Sources */,
				DBF7D75D117F8908002B0C96 /* CinetiMoviesViewController.m in Sources */,
				DBF7D78F117F8BDA002B0C96 /* CinetiTheatresViewController.m in Sources */,
				DB4393071180A0E3008D4114 /* CinetiMovie.m in Sources */,
				DB43930A1180A23D008D4114 /* CinetiJSONObject.m in Sources */,
				DB4393671180B0A8008D4114 /* CinetiJSONRequest.m in Sources */,
				DB4393141180A670008D4114 /* CinetiMoviesRequest.m in Sources */,
				6E361F9011AE246E00EE956A /* CinetiTheatresDataSource.m in Sources */,
				6E361FB211AE26EA00EE956A /* CinetiTheatresModel.m in Sources */,
				6E3621A211B078CC00EE956A /* CinetiTabBarController.m in Sources */,
				6ECA8C7911B4CFD300729241 /* CinetiTheatreViewController.m in Sources */,
				6E726E4C11B8DDA600076846 /* CinetiTheatreModel.m in Sources */,
				6E726E6B11B992CB00076846 /* CinetiTheatreDataSource.m in Sources */,
				6E882AE011C04E9E00D9FDCC /* CinetiTheatreTableItem.m in Sources */,
				6E882AE311C04EA700D9FDCC /* CinetiTheatreTableCell.m in Sources */,
				6E453708126CDF610036493D /* CinetiMovieManager.m in Sources */,
				6EC960531270DE3E000A59FB /* CinetiMovieViewController.m in Sources */,
				6EC9611E1277D0D2000A59FB /* CinetiMovieDataSource.m in Sources */,
				6EC96126127810AF000A59FB /* CinetiMovieModel.m in Sources */,
			);
			runOnlyForDeploymentPostprocessing = 0;
		};
		6E9FB67011864104004E6274 /* Sources */ = {
			isa = PBXSourcesBuildPhase;
			buildActionMask = 2147483647;
			files = (
				6EC9609C12763F14000A59FB /* CinetiMovieViewController.m in Sources */,
				6E453750126CE9610036493D /* CinetiMovieManager.m in Sources */,
				6E882AFB11C0C33900D9FDCC /* CinetiTheatreTableItem.m in Sources */,
				6E882AFC11C0C33900D9FDCC /* CinetiTheatreTableCell.m in Sources */,
				6E726E9C11B9BD8600076846 /* CinetiTheatreDataSource.m in Sources */,
				6E726E6011B8E1E100076846 /* CinetiTheatreModel.m in Sources */,
				6ECA8C9011B4D1F700729241 /* CinetiTheatreViewController.m in Sources */,
				6E3621D411B07BBD00EE956A /* CinetiTabBarController.m in Sources */,
				6E361FBB11AE283D00EE956A /* CinetiTheatresDataSource.m in Sources */,
				6E361FBC11AE283D00EE956A /* CinetiTheatresModel.m in Sources */,
				6E9A403D11A5E47F00BF0CC5 /* CinetiAppDelegate.m in Sources */,
				6E9A403E11A5E4AB00BF0CC5 /* CinetiMoviesViewController.m in Sources */,
				6E9A404211A5E4FA00BF0CC5 /* CinetiTheatresViewController.m in Sources */,
				6E9A3FD611A5D6F900BF0CC5 /* CinetiMovie.m in Sources */,
				6E9A3FCE11A5D6F900BF0CC5 /* CinetiJSONObject.m in Sources */,
				6E9A3FD111A5D6F900BF0CC5 /* CinetiJSONRequest.m in Sources */,
				6E9A3FD411A5D6F900BF0CC5 /* CinetiMoviesRequest.m in Sources */,
				6EB5DF3C11A2764700F3847F /* LogicTestCase.m in Sources */,
				6EC9611F1277D0D2000A59FB /* CinetiMovieDataSource.m in Sources */,
				6EC96127127810AF000A59FB /* CinetiMovieModel.m in Sources */,
			);
			runOnlyForDeploymentPostprocessing = 0;
		};
		DB43901911809FBF008D4114 /* Sources */ = {
			isa = PBXSourcesBuildPhase;
			buildActionMask = 2147483647;
			files = (
			);
			runOnlyForDeploymentPostprocessing = 0;
		};
		DBF7D852117FA276002B0C96 /* Sources */ = {
			isa = PBXSourcesBuildPhase;
			buildActionMask = 2147483647;
			files = (
				DBF7D949117FA42C002B0C96 /* NSObject+SBJSON.m in Sources */,
				DBF7D94B117FA42C002B0C96 /* NSString+SBJSON.m in Sources */,
				DBF7D94D117FA42C002B0C96 /* SBJSON.m in Sources */,
				DBF7D94F117FA42C002B0C96 /* SBJsonBase.m in Sources */,
				DBF7D951117FA42C002B0C96 /* SBJsonParser.m in Sources */,
				DBF7D953117FA42C002B0C96 /* SBJsonWriter.m in Sources */,
			);
			runOnlyForDeploymentPostprocessing = 0;
		};
/* End PBXSourcesBuildPhase section */

/* Begin PBXTargetDependency section */
		3201088596B4756681693701 /* PBXTargetDependency */ = {
			isa = PBXTargetDependency;
			name = Three20UICommon;
			targetProxy = 3201088596B4756681693702 /* PBXContainerItemProxy */;
		};
		320A2827FEC940B25BC42C61 /* PBXTargetDependency */ = {
			isa = PBXTargetDependency;
			name = Three20Core;
			targetProxy = 320A2827FEC940B25BC42C62 /* PBXContainerItemProxy */;
		};
		320A5A189C235877202780D1 /* PBXTargetDependency */ = {
			isa = PBXTargetDependency;
			name = Three20Network;
			targetProxy = 320A5A189C235877202780D2 /* PBXContainerItemProxy */;
		};
		320A737074758E53BA54BE91 /* PBXTargetDependency */ = {
			isa = PBXTargetDependency;
			name = Three20UINavigator;
			targetProxy = 320A737074758E53BA54BE92 /* PBXContainerItemProxy */;
		};
		320CC833B8AF0ACFD35E6221 /* PBXTargetDependency */ = {
			isa = PBXTargetDependency;
			name = Three20Style;
			targetProxy = 320CC833B8AF0ACFD35E6222 /* PBXContainerItemProxy */;
		};
		320D7DCCE32703ACAB9A45E1 /* PBXTargetDependency */ = {
			isa = PBXTargetDependency;
			name = Three20;
			targetProxy = 320D7DCCE32703ACAB9A45E2 /* PBXContainerItemProxy */;
		};
		320F2C48872C2E2C4DF86201 /* PBXTargetDependency */ = {
			isa = PBXTargetDependency;
			name = Three20UI;
			targetProxy = 320F2C48872C2E2C4DF86202 /* PBXContainerItemProxy */;
		};
		6E9A3FDE11A5D7DF00BF0CC5 /* PBXTargetDependency */ = {
			isa = PBXTargetDependency;
			target = DBF7D854117FA276002B0C96 /* json-framework */;
			targetProxy = 6E9A3FDD11A5D7DF00BF0CC5 /* PBXContainerItemProxy */;
		};
		6E9A3FE011A5D7E300BF0CC5 /* PBXTargetDependency */ = {
			isa = PBXTargetDependency;
			target = DB43901B11809FBF008D4114 /* three20 */;
			targetProxy = 6E9A3FDF11A5D7E300BF0CC5 /* PBXContainerItemProxy */;
		};
		DB43902011809FCD008D4114 /* PBXTargetDependency */ = {
			isa = PBXTargetDependency;
			target = DB43901B11809FBF008D4114 /* three20 */;
			targetProxy = DB43901F11809FCD008D4114 /* PBXContainerItemProxy */;
		};
		DBF7D955117FA44A002B0C96 /* PBXTargetDependency */ = {
			isa = PBXTargetDependency;
			target = DBF7D854117FA276002B0C96 /* json-framework */;
			targetProxy = DBF7D954117FA44A002B0C96 /* PBXContainerItemProxy */;
		};
/* End PBXTargetDependency section */

/* Begin XCBuildConfiguration section */
		1D6058940D05DD3E006BFB54 /* Debug */ = {
			isa = XCBuildConfiguration;
			buildSettings = {
				ALWAYS_SEARCH_USER_PATHS = NO;
				COPY_PHASE_STRIP = NO;
				GCC_DYNAMIC_NO_PIC = NO;
				GCC_OPTIMIZATION_LEVEL = 0;
				GCC_PRECOMPILE_PREFIX_HEADER = YES;
				GCC_PREFIX_HEADER = Prefix.pch;
				HEADER_SEARCH_PATHS = (
					"third-party/three20/Build/Products/three20",
					"third-party/three20/src",
				);
				INFOPLIST_FILE = rsrc/Info.plist;
				LIBRARY_SEARCH_PATHS = (
					"$(inherited)",
					"\"$(SRCROOT)/build/Debug-iphonesimulator\"",
				);
				OTHER_LDFLAGS = (
					"-force_load",
					"third-party/three20/Build/Products/$(CONFIGURATION)$(EFFECTIVE_PLATFORM_NAME)/libThree20UICommon.a",
					"-force_load",
					"third-party/three20/Build/Products/$(CONFIGURATION)$(EFFECTIVE_PLATFORM_NAME)/libThree20.a",
					"-force_load",
					"third-party/three20/Build/Products/$(CONFIGURATION)$(EFFECTIVE_PLATFORM_NAME)/libThree20UINavigator.a",
					"-force_load",
					"third-party/three20/Build/Products/$(CONFIGURATION)$(EFFECTIVE_PLATFORM_NAME)/libThree20Core.a",
					"-force_load",
					"third-party/three20/Build/Products/$(CONFIGURATION)$(EFFECTIVE_PLATFORM_NAME)/libThree20UI.a",
					"-force_load",
					"third-party/three20/Build/Products/$(CONFIGURATION)$(EFFECTIVE_PLATFORM_NAME)/libThree20Network.a",
					"-force_load",
					"third-party/three20/Build/Products/$(CONFIGURATION)$(EFFECTIVE_PLATFORM_NAME)/libThree20Style.a",
				);
				PRODUCT_NAME = "cineti.ca-iphone";
			};
			name = Debug;
		};
		1D6058950D05DD3E006BFB54 /* Release */ = {
			isa = XCBuildConfiguration;
			buildSettings = {
				ALWAYS_SEARCH_USER_PATHS = NO;
				COPY_PHASE_STRIP = YES;
				GCC_PRECOMPILE_PREFIX_HEADER = YES;
				GCC_PREFIX_HEADER = Prefix.pch;
				HEADER_SEARCH_PATHS = (
					"third-party/three20/Build/Products/three20",
					"third-party/three20/src",
				);
				INFOPLIST_FILE = rsrc/Info.plist;
				LIBRARY_SEARCH_PATHS = (
					"$(inherited)",
					"\"$(SRCROOT)/build/Debug-iphonesimulator\"",
				);
				OTHER_LDFLAGS = (
					"-force_load",
					"third-party/three20/Build/Products/$(CONFIGURATION)$(EFFECTIVE_PLATFORM_NAME)/libThree20UICommon.a",
					"-force_load",
					"third-party/three20/Build/Products/$(CONFIGURATION)$(EFFECTIVE_PLATFORM_NAME)/libThree20.a",
					"-force_load",
					"third-party/three20/Build/Products/$(CONFIGURATION)$(EFFECTIVE_PLATFORM_NAME)/libThree20UINavigator.a",
					"-force_load",
					"third-party/three20/Build/Products/$(CONFIGURATION)$(EFFECTIVE_PLATFORM_NAME)/libThree20Core.a",
					"-force_load",
					"third-party/three20/Build/Products/$(CONFIGURATION)$(EFFECTIVE_PLATFORM_NAME)/libThree20UI.a",
					"-force_load",
					"third-party/three20/Build/Products/$(CONFIGURATION)$(EFFECTIVE_PLATFORM_NAME)/libThree20Network.a",
					"-force_load",
					"third-party/three20/Build/Products/$(CONFIGURATION)$(EFFECTIVE_PLATFORM_NAME)/libThree20Style.a",
					"-ObjC",
				);
				PRODUCT_NAME = "cineti.ca-iphone";
			};
			name = Release;
		};
		6E9FB67611864104004E6274 /* Debug */ = {
			isa = XCBuildConfiguration;
			buildSettings = {
				ALWAYS_SEARCH_USER_PATHS = NO;
				"CODE_SIGN_IDENTITY[sdk=iphoneos*]" = "";
				COPY_PHASE_STRIP = NO;
				FRAMEWORK_SEARCH_PATHS = (
					"\"$(SDKROOT)/Developer/Library/Frameworks\"",
					"\"$(DEVELOPER_LIBRARY_DIR)/Frameworks\"",
				);
				GCC_DYNAMIC_NO_PIC = NO;
				GCC_ENABLE_FIX_AND_CONTINUE = NO;
				GCC_ENABLE_OBJC_EXCEPTIONS = YES;
				GCC_OPTIMIZATION_LEVEL = 0;
				HEADER_SEARCH_PATHS = "third-party/three20/src";
				INFOPLIST_FILE = "LogicTests-Info.plist";
				LIBRARY_SEARCH_PATHS = (
					"$(inherited)",
					"$(SRCROOT)/build/Debug-iphonesimulator",
				);
				OTHER_LDFLAGS = (
					"-all_load",
					"-ObjC",
					"-framework",
					Foundation,
					"-framework",
					SenTestingKit,
					"-framework",
					UIKit,
				);
				PREBINDING = NO;
				PRODUCT_NAME = LogicTests;
				WRAPPER_EXTENSION = octest;
			};
			name = Debug;
		};
		6E9FB67711864104004E6274 /* Release */ = {
			isa = XCBuildConfiguration;
			buildSettings = {
				ALWAYS_SEARCH_USER_PATHS = NO;
				"CODE_SIGN_IDENTITY[sdk=iphoneos*]" = "";
				COPY_PHASE_STRIP = YES;
				DEBUG_INFORMATION_FORMAT = "dwarf-with-dsym";
				FRAMEWORK_SEARCH_PATHS = (
					"\"$(SDKROOT)/Developer/Library/Frameworks\"",
					"\"$(DEVELOPER_LIBRARY_DIR)/Frameworks\"",
				);
				GCC_ENABLE_FIX_AND_CONTINUE = NO;
				GCC_ENABLE_OBJC_EXCEPTIONS = YES;
				INFOPLIST_FILE = "LogicTests-Info.plist";
				OTHER_LDFLAGS = (
					"-framework",
					Foundation,
					"-framework",
					SenTestingKit,
					"-framework",
					UIKit,
				);
				PREBINDING = NO;
				PRODUCT_NAME = LogicTests;
				WRAPPER_EXTENSION = octest;
				ZERO_LINK = NO;
			};
			name = Release;
		};
		C01FCF4F08A954540054247B /* Debug */ = {
			isa = XCBuildConfiguration;
			buildSettings = {
				ARCHS = "$(ARCHS_STANDARD_32_BIT)";
				"CODE_SIGN_IDENTITY[sdk=iphoneos*]" = "iPhone Developer";
				GCC_C_LANGUAGE_STANDARD = c99;
				GCC_WARN_ABOUT_RETURN_TYPE = YES;
				GCC_WARN_UNUSED_VARIABLE = YES;
				PREBINDING = NO;
				SDKROOT = iphoneos;
			};
			name = Debug;
		};
		C01FCF5008A954540054247B /* Release */ = {
			isa = XCBuildConfiguration;
			buildSettings = {
				ARCHS = "$(ARCHS_STANDARD_32_BIT)";
				"CODE_SIGN_IDENTITY[sdk=iphoneos*]" = "iPhone Developer";
				GCC_C_LANGUAGE_STANDARD = c99;
				GCC_WARN_ABOUT_RETURN_TYPE = YES;
				GCC_WARN_UNUSED_VARIABLE = YES;
				PREBINDING = NO;
				SDKROOT = iphoneos;
			};
			name = Release;
		};
		DB43901D11809FC1008D4114 /* Debug */ = {
			isa = XCBuildConfiguration;
			buildSettings = {
				ALWAYS_SEARCH_USER_PATHS = NO;
				COPY_PHASE_STRIP = NO;
				GCC_DYNAMIC_NO_PIC = NO;
				GCC_OPTIMIZATION_LEVEL = 0;
				PREBINDING = NO;
				PRODUCT_NAME = three20;
			};
			name = Debug;
		};
		DB43901E11809FC1008D4114 /* Release */ = {
			isa = XCBuildConfiguration;
			buildSettings = {
				ALWAYS_SEARCH_USER_PATHS = NO;
				COPY_PHASE_STRIP = YES;
				DEBUG_INFORMATION_FORMAT = "dwarf-with-dsym";
				GCC_ENABLE_FIX_AND_CONTINUE = NO;
				PREBINDING = NO;
				PRODUCT_NAME = three20;
				ZERO_LINK = NO;
			};
			name = Release;
		};
		DBF7D856117FA277002B0C96 /* Debug */ = {
			isa = XCBuildConfiguration;
			buildSettings = {
				ALWAYS_SEARCH_USER_PATHS = NO;
				COPY_PHASE_STRIP = NO;
				GCC_DYNAMIC_NO_PIC = NO;
				GCC_OPTIMIZATION_LEVEL = 0;
				PREBINDING = NO;
				PRODUCT_NAME = "json-framework";
			};
			name = Debug;
		};
		DBF7D857117FA277002B0C96 /* Release */ = {
			isa = XCBuildConfiguration;
			buildSettings = {
				ALWAYS_SEARCH_USER_PATHS = NO;
				COPY_PHASE_STRIP = YES;
				DEBUG_INFORMATION_FORMAT = "dwarf-with-dsym";
				GCC_ENABLE_FIX_AND_CONTINUE = NO;
				PREBINDING = NO;
				PRODUCT_NAME = "json-framework";
				ZERO_LINK = NO;
			};
			name = Release;
		};
/* End XCBuildConfiguration section */

/* Begin XCConfigurationList section */
		1D6058960D05DD3E006BFB54 /* Build configuration list for PBXNativeTarget "cineti.ca-iphone" */ = {
			isa = XCConfigurationList;
			buildConfigurations = (
				1D6058940D05DD3E006BFB54 /* Debug */,
				1D6058950D05DD3E006BFB54 /* Release */,
			);
			defaultConfigurationIsVisible = 0;
			defaultConfigurationName = Release;
		};
		6E9FB67811864104004E6274 /* Build configuration list for PBXNativeTarget "LogicTests" */ = {
			isa = XCConfigurationList;
			buildConfigurations = (
				6E9FB67611864104004E6274 /* Debug */,
				6E9FB67711864104004E6274 /* Release */,
			);
			defaultConfigurationIsVisible = 0;
			defaultConfigurationName = Release;
		};
		C01FCF4E08A954540054247B /* Build configuration list for PBXProject "Cineti" */ = {
			isa = XCConfigurationList;
			buildConfigurations = (
				C01FCF4F08A954540054247B /* Debug */,
				C01FCF5008A954540054247B /* Release */,
			);
			defaultConfigurationIsVisible = 0;
			defaultConfigurationName = Release;
		};
		DB43902211809FD6008D4114 /* Build configuration list for PBXNativeTarget "three20" */ = {
			isa = XCConfigurationList;
			buildConfigurations = (
				DB43901D11809FC1008D4114 /* Debug */,
				DB43901E11809FC1008D4114 /* Release */,
			);
			defaultConfigurationIsVisible = 0;
			defaultConfigurationName = Release;
		};
		DBF7D85A117FA292002B0C96 /* Build configuration list for PBXNativeTarget "json-framework" */ = {
			isa = XCConfigurationList;
			buildConfigurations = (
				DBF7D856117FA277002B0C96 /* Debug */,
				DBF7D857117FA277002B0C96 /* Release */,
			);
			defaultConfigurationIsVisible = 0;
			defaultConfigurationName = Release;
		};
/* End XCConfigurationList section */
	};
	rootObject = 29B97313FDCFA39411CA2CEA /* Project object */;
}
